// !$*UTF8*$!
{
	archiveVersion = 1;
	classes = {
	};
	objectVersion = 46;
	objects = {

/* Begin PBXBuildFile section */
		0B0342BC1D257C6900D0D302 /* AVFoundation.framework in Frameworks */ = {isa = PBXBuildFile; fileRef = 0B0342BB1D257C6800D0D302 /* AVFoundation.framework */; };
		0B0342BE1D257C7900D0D302 /* CoreMedia.framework in Frameworks */ = {isa = PBXBuildFile; fileRef = 0B0342BD1D257C7900D0D302 /* CoreMedia.framework */; };
		0B0342C01D257E9400D0D302 /* libsqlite3.tbd in Frameworks */ = {isa = PBXBuildFile; fileRef = 0B0342BF1D257E9400D0D302 /* libsqlite3.tbd */; };
		0B1092E2193A4C620097C938 /* RectView.m in Sources */ = {isa = PBXBuildFile; fileRef = 0B1092E1193A4C620097C938 /* RectView.m */; };
		0B166C131A236EF200682DBC /* ImageIO.framework in Frameworks */ = {isa = PBXBuildFile; fileRef = 0B166C121A236EF200682DBC /* ImageIO.framework */; };
		0B166C221A2377C600682DBC /* CoreData.framework in Frameworks */ = {isa = PBXBuildFile; fileRef = 0B166C211A2377C600682DBC /* CoreData.framework */; };
		0B166C241A2377D300682DBC /* SystemConfiguration.framework in Frameworks */ = {isa = PBXBuildFile; fileRef = 0B166C231A2377D300682DBC /* SystemConfiguration.framework */; };
		0B16F8B41933918400C82E16 /* arrow_none.png in Resources */ = {isa = PBXBuildFile; fileRef = 0B16F8B31933918400C82E16 /* arrow_none.png */; };
		0B16F8B7193391CB00C82E16 /* browser_window.png in Resources */ = {isa = PBXBuildFile; fileRef = 0B16F8B5193391CB00C82E16 /* browser_window.png */; };
		0B16F8B8193391CB00C82E16 /* browser_window@2x.png in Resources */ = {isa = PBXBuildFile; fileRef = 0B16F8B6193391CB00C82E16 /* browser_window@2x.png */; };
		0B16F8BB193391FE00C82E16 /* ground.png in Resources */ = {isa = PBXBuildFile; fileRef = 0B16F8B9193391FE00C82E16 /* ground.png */; };
		0B16F8BC193391FE00C82E16 /* ground@2x.png in Resources */ = {isa = PBXBuildFile; fileRef = 0B16F8BA193391FE00C82E16 /* ground@2x.png */; };
		0B16F8BF19339BFA00C82E16 /* UIPlaceHolderTextView.m in Sources */ = {isa = PBXBuildFile; fileRef = 0B16F8BE19339BFA00C82E16 /* UIPlaceHolderTextView.m */; };
		0B1AA348163D59F800535116 /* BaseballRecorderUIApplication.m in Sources */ = {isa = PBXBuildFile; fileRef = 0B1AA347163D59F800535116 /* BaseballRecorderUIApplication.m */; };
		0B1AA351163D772B00535116 /* book.png in Resources */ = {isa = PBXBuildFile; fileRef = 0B1AA349163D772B00535116 /* book.png */; };
		0B1AA352163D772B00535116 /* book@2x.png in Resources */ = {isa = PBXBuildFile; fileRef = 0B1AA34A163D772B00535116 /* book@2x.png */; };
		0B1AA355163D772B00535116 /* settings.png in Resources */ = {isa = PBXBuildFile; fileRef = 0B1AA34D163D772B00535116 /* settings.png */; };
		0B1AA356163D772B00535116 /* settings@2x.png in Resources */ = {isa = PBXBuildFile; fileRef = 0B1AA34E163D772B00535116 /* settings@2x.png */; };
		0B1AA357163D772B00535116 /* statistics.png in Resources */ = {isa = PBXBuildFile; fileRef = 0B1AA34F163D772B00535116 /* statistics.png */; };
		0B1AA358163D772B00535116 /* statistics@2x.png in Resources */ = {isa = PBXBuildFile; fileRef = 0B1AA350163D772B00535116 /* statistics@2x.png */; };
		0B20309A18BA54DA00B94D8C /* BattingAnalysisController.m in Sources */ = {isa = PBXBuildFile; fileRef = 0B20309918BA54DA00B94D8C /* BattingAnalysisController.m */; };
		0B20309D18BA566200B94D8C /* BattingAnalysisView.m in Sources */ = {isa = PBXBuildFile; fileRef = 0B20309C18BA566200B94D8C /* BattingAnalysisView.m */; };
		0B21C2F716CD2C6B005FF0C5 /* StatisticsCommonController.m in Sources */ = {isa = PBXBuildFile; fileRef = 0B21C2F616CD2C6B005FF0C5 /* StatisticsCommonController.m */; };
		0B21C2FD16CD3385005FF0C5 /* PitchingStatistics.m in Sources */ = {isa = PBXBuildFile; fileRef = 0B21C2FC16CD3385005FF0C5 /* PitchingStatistics.m */; };
		0B22718A1AAC9D0800B29E37 /* CoreTelephony.framework in Frameworks */ = {isa = PBXBuildFile; fileRef = 0B2271891AAC9D0800B29E37 /* CoreTelephony.framework */; };
		0B22718C1AAC9D1400B29E37 /* MediaPlayer.framework in Frameworks */ = {isa = PBXBuildFile; fileRef = 0B22718B1AAC9D1400B29E37 /* MediaPlayer.framework */; };
		0B22718E1AAC9D2F00B29E37 /* QuartzCore.framework in Frameworks */ = {isa = PBXBuildFile; fileRef = 0B22718D1AAC9D2F00B29E37 /* QuartzCore.framework */; };
		0B2D1FC716402BAF00330699 /* ShowGameResultController.m in Sources */ = {isa = PBXBuildFile; fileRef = 0B2D1FC616402BAF00330699 /* ShowGameResultController.m */; };
		0B3C77C3164952ED00A214EC /* ConfigManager.m in Sources */ = {isa = PBXBuildFile; fileRef = 0B3C77C2164952ED00A214EC /* ConfigManager.m */; };
		0B40E42B16C12AA300E0E95D /* PitchingResultController.m in Sources */ = {isa = PBXBuildFile; fileRef = 0B40E42A16C12AA300E0E95D /* PitchingResultController.m */; };
		0B40E42E16C3EEE800E0E95D /* CheckBoxButton.m in Sources */ = {isa = PBXBuildFile; fileRef = 0B40E42D16C3EEE800E0E95D /* CheckBoxButton.m */; };
		0B40E43816C3F0DD00E0E95D /* disable_check.png in Resources */ = {isa = PBXBuildFile; fileRef = 0B40E43516C3F0DD00E0E95D /* disable_check.png */; };
		0B40E43916C3F0DD00E0E95D /* nocheck.png in Resources */ = {isa = PBXBuildFile; fileRef = 0B40E43616C3F0DD00E0E95D /* nocheck.png */; };
		0B40E43A16C3F0DD00E0E95D /* check.png in Resources */ = {isa = PBXBuildFile; fileRef = 0B40E43716C3F0DD00E0E95D /* check.png */; };
		0B40E43D16CAB08C00E0E95D /* PitchingStatisticsController.m in Sources */ = {isa = PBXBuildFile; fileRef = 0B40E43C16CAB08C00E0E95D /* PitchingStatisticsController.m */; };
		0B40E44416CAB45100E0E95D /* baseball.png in Resources */ = {isa = PBXBuildFile; fileRef = 0B40E44216CAB45100E0E95D /* baseball.png */; };
		0B40E44516CAB45100E0E95D /* baseball@2x.png in Resources */ = {isa = PBXBuildFile; fileRef = 0B40E44316CAB45100E0E95D /* baseball@2x.png */; };
		0B4E8D6F1944BB80007D7F71 /* CustomSummaryController.m in Sources */ = {isa = PBXBuildFile; fileRef = 0B4E8D6E1944BB80007D7F71 /* CustomSummaryController.m */; };
		0B53464E17BF561A00601AAE /* arrow_right.png in Resources */ = {isa = PBXBuildFile; fileRef = 0B53464D17BF561A00601AAE /* arrow_right.png */; };
		0B53465417BF676900601AAE /* arrow_left.png in Resources */ = {isa = PBXBuildFile; fileRef = 0B53465317BF676900601AAE /* arrow_left.png */; };
		0B5EEE82163AE4C20038980D /* GameResultManager.m in Sources */ = {isa = PBXBuildFile; fileRef = 0B5EEE81163AE4C20038980D /* GameResultManager.m */; };
		0B683700164277220086E198 /* BattingStatisticsViewController.m in Sources */ = {isa = PBXBuildFile; fileRef = 0B6836FF164277220086E198 /* BattingStatisticsViewController.m */; };
		0B683703164279C50086E198 /* TeamStatistics.m in Sources */ = {isa = PBXBuildFile; fileRef = 0B683702164279C50086E198 /* TeamStatistics.m */; };
		0B683706164279E00086E198 /* BattingStatistics.m in Sources */ = {isa = PBXBuildFile; fileRef = 0B683705164279E00086E198 /* BattingStatistics.m */; };
		0B6BB1B416AD9E1C00B66509 /* SelectInputViewController.m in Sources */ = {isa = PBXBuildFile; fileRef = 0B6BB1B316AD9E1C00B66509 /* SelectInputViewController.m */; };
		0B6BB1D116AEC7A100B66509 /* MessageUI.framework in Frameworks */ = {isa = PBXBuildFile; fileRef = 0B6BB1D016AEC7A000B66509 /* MessageUI.framework */; };
		0B6E5C2E1E084E39006C91E0 /* AWSCore.framework in Frameworks */ = {isa = PBXBuildFile; fileRef = 0B6E5C281E0847E0006C91E0 /* AWSCore.framework */; };
		0B6E5C2F1E084E39006C91E0 /* AWSCore.framework in Embed Frameworks */ = {isa = PBXBuildFile; fileRef = 0B6E5C281E0847E0006C91E0 /* AWSCore.framework */; settings = {ATTRIBUTES = (CodeSignOnCopy, RemoveHeadersOnCopy, ); }; };
		0B6E5C311E084E4C006C91E0 /* AWSCognito.framework in Frameworks */ = {isa = PBXBuildFile; fileRef = 0B6E5C241E0845EE006C91E0 /* AWSCognito.framework */; };
		0B6E5C321E084E4C006C91E0 /* AWSCognito.framework in Embed Frameworks */ = {isa = PBXBuildFile; fileRef = 0B6E5C241E0845EE006C91E0 /* AWSCognito.framework */; settings = {ATTRIBUTES = (CodeSignOnCopy, RemoveHeadersOnCopy, ); }; };
		0B6E5C331E084E51006C91E0 /* AWSS3.framework in Frameworks */ = {isa = PBXBuildFile; fileRef = 0B6E5C261E084600006C91E0 /* AWSS3.framework */; };
		0B6E5C341E084E51006C91E0 /* AWSS3.framework in Embed Frameworks */ = {isa = PBXBuildFile; fileRef = 0B6E5C261E084600006C91E0 /* AWSS3.framework */; settings = {ATTRIBUTES = (CodeSignOnCopy, RemoveHeadersOnCopy, ); }; };
		0B6E5C371E09857A006C91E0 /* S3Manager.m in Sources */ = {isa = PBXBuildFile; fileRef = 0B6E5C361E09857A006C91E0 /* S3Manager.m */; };
		0B6E5C411E0D8361006C91E0 /* S3Config.m in Sources */ = {isa = PBXBuildFile; fileRef = 0B6E5C401E0D8361006C91E0 /* S3Config.m */; };
		0B9499AE16325697007F574D /* UIKit.framework in Frameworks */ = {isa = PBXBuildFile; fileRef = 0B9499AD16325697007F574D /* UIKit.framework */; };
		0B9499B016325697007F574D /* Foundation.framework in Frameworks */ = {isa = PBXBuildFile; fileRef = 0B9499AF16325697007F574D /* Foundation.framework */; };
		0B9499B216325697007F574D /* CoreGraphics.framework in Frameworks */ = {isa = PBXBuildFile; fileRef = 0B9499B116325697007F574D /* CoreGraphics.framework */; };
		0B9499B816325697007F574D /* InfoPlist.strings in Resources */ = {isa = PBXBuildFile; fileRef = 0B9499B616325697007F574D /* InfoPlist.strings */; };
		0B9499BA16325697007F574D /* main.m in Sources */ = {isa = PBXBuildFile; fileRef = 0B9499B916325697007F574D /* main.m */; };
		0B9499BE16325697007F574D /* AppDelegate.m in Sources */ = {isa = PBXBuildFile; fileRef = 0B9499BD16325697007F574D /* AppDelegate.m */; };
		0B9499C716325697007F574D /* MainStoryboard.storyboard in Resources */ = {isa = PBXBuildFile; fileRef = 0B9499C516325697007F574D /* MainStoryboard.storyboard */; };
		0B9499CA16325697007F574D /* GameResultListController.m in Sources */ = {isa = PBXBuildFile; fileRef = 0B9499C916325697007F574D /* GameResultListController.m */; };
		0B9499DE16325697007F574D /* UIKit.framework in Frameworks */ = {isa = PBXBuildFile; fileRef = 0B9499AD16325697007F574D /* UIKit.framework */; };
		0B9499DF16325697007F574D /* Foundation.framework in Frameworks */ = {isa = PBXBuildFile; fileRef = 0B9499AF16325697007F574D /* Foundation.framework */; };
		0B9499E716325697007F574D /* InfoPlist.strings in Resources */ = {isa = PBXBuildFile; fileRef = 0B9499E516325697007F574D /* InfoPlist.strings */; };
		0B9499EA16325697007F574D /* BaseballRecorderTests.m in Sources */ = {isa = PBXBuildFile; fileRef = 0B9499E916325697007F574D /* BaseballRecorderTests.m */; };
		0B9499F516325AAF007F574D /* ConfigViewController.m in Sources */ = {isa = PBXBuildFile; fileRef = 0B9499F416325AAF007F574D /* ConfigViewController.m */; };
		0B9499FF16329738007F574D /* ResultPickerViewController.m in Sources */ = {isa = PBXBuildFile; fileRef = 0B9499FE16329737007F574D /* ResultPickerViewController.m */; };
		0B949A011632A1E3007F574D /* InputViewController.m in Sources */ = {isa = PBXBuildFile; fileRef = 0B949A001632A1E3007F574D /* InputViewController.m */; };
		0B949A0416335C33007F574D /* GameResult.m in Sources */ = {isa = PBXBuildFile; fileRef = 0B949A0316335C33007F574D /* GameResult.m */; };
		0B949A0716335C8B007F574D /* BattingResult.m in Sources */ = {isa = PBXBuildFile; fileRef = 0B949A0616335C8B007F574D /* BattingResult.m */; };
		0B9AA57318C35E53001F42F4 /* Social.framework in Frameworks */ = {isa = PBXBuildFile; fileRef = 0B9AA57218C35E53001F42F4 /* Social.framework */; };
		0BB4AECF1DCB9DB500AA9CC3 /* InputConfigViewController.m in Sources */ = {isa = PBXBuildFile; fileRef = 0BB4AECE1DCB9DB500AA9CC3 /* InputConfigViewController.m */; };
		0BB4AED21DCE3BA600AA9CC3 /* SaveServerViewController.m in Sources */ = {isa = PBXBuildFile; fileRef = 0BB4AED11DCE3BA600AA9CC3 /* SaveServerViewController.m */; };
		0BB4AED51DCE3BB500AA9CC3 /* LoadServerViewController.m in Sources */ = {isa = PBXBuildFile; fileRef = 0BB4AED41DCE3BB500AA9CC3 /* LoadServerViewController.m */; };
		0BB960EC1A5996840062EA3F /* Images-2.xcassets in Resources */ = {isa = PBXBuildFile; fileRef = 0BB960EB1A5996840062EA3F /* Images-2.xcassets */; };
		0BB960FC1A5997530062EA3F /* icon-29.png in Resources */ = {isa = PBXBuildFile; fileRef = 0BB960ED1A5997530062EA3F /* icon-29.png */; };
		0BB960FD1A5997530062EA3F /* icon-29@2x.png in Resources */ = {isa = PBXBuildFile; fileRef = 0BB960EE1A5997530062EA3F /* icon-29@2x.png */; };
		0BB960FE1A5997530062EA3F /* icon-29@3x.png in Resources */ = {isa = PBXBuildFile; fileRef = 0BB960EF1A5997530062EA3F /* icon-29@3x.png */; };
		0BB960FF1A5997530062EA3F /* icon-40@2x.png in Resources */ = {isa = PBXBuildFile; fileRef = 0BB960F01A5997530062EA3F /* icon-40@2x.png */; };
		0BB961001A5997530062EA3F /* icon-40@3x.png in Resources */ = {isa = PBXBuildFile; fileRef = 0BB960F11A5997530062EA3F /* icon-40@3x.png */; };
		0BB961011A5997530062EA3F /* icon-50.png in Resources */ = {isa = PBXBuildFile; fileRef = 0BB960F21A5997530062EA3F /* icon-50.png */; };
		0BB961021A5997530062EA3F /* icon-50@2x.png in Resources */ = {isa = PBXBuildFile; fileRef = 0BB960F31A5997530062EA3F /* icon-50@2x.png */; };
		0BB961031A5997530062EA3F /* icon-57.png in Resources */ = {isa = PBXBuildFile; fileRef = 0BB960F41A5997530062EA3F /* icon-57.png */; };
		0BB961041A5997530062EA3F /* icon-57@2x.png in Resources */ = {isa = PBXBuildFile; fileRef = 0BB960F51A5997530062EA3F /* icon-57@2x.png */; };
		0BB961051A5997530062EA3F /* icon-60@2x.png in Resources */ = {isa = PBXBuildFile; fileRef = 0BB960F61A5997530062EA3F /* icon-60@2x.png */; };
		0BB961061A5997530062EA3F /* icon-60@3x.png in Resources */ = {isa = PBXBuildFile; fileRef = 0BB960F71A5997530062EA3F /* icon-60@3x.png */; };
		0BB961071A5997530062EA3F /* icon-72.png in Resources */ = {isa = PBXBuildFile; fileRef = 0BB960F81A5997530062EA3F /* icon-72.png */; };
		0BB961081A5997530062EA3F /* icon-72@2x.png in Resources */ = {isa = PBXBuildFile; fileRef = 0BB960F91A5997530062EA3F /* icon-72@2x.png */; };
		0BB961091A5997530062EA3F /* icon-76.png in Resources */ = {isa = PBXBuildFile; fileRef = 0BB960FA1A5997530062EA3F /* icon-76.png */; };
		0BB9610A1A5997530062EA3F /* icon-76@2x.png in Resources */ = {isa = PBXBuildFile; fileRef = 0BB960FB1A5997530062EA3F /* icon-76@2x.png */; };
		0BC1B1121B36929D004E3059 /* HelpViewController.m in Sources */ = {isa = PBXBuildFile; fileRef = 0BC1B1111B36929D004E3059 /* HelpViewController.m */; };
		0BC4265517C663A500AB95D0 /* Twitter.framework in Frameworks */ = {isa = PBXBuildFile; fileRef = 0BC4265417C663A500AB95D0 /* Twitter.framework */; };
		0BC5F7F817C26D4D00C755A7 /* AdSupport.framework in Frameworks */ = {isa = PBXBuildFile; fileRef = 0BC5F7F717C26D4D00C755A7 /* AdSupport.framework */; settings = {ATTRIBUTES = (Weak, ); }; };
		0BC5F7FA17C26D5400C755A7 /* Security.framework in Frameworks */ = {isa = PBXBuildFile; fileRef = 0BC5F7F917C26D5400C755A7 /* Security.framework */; };
		0BDB052E1D2AADB800AD92E9 /* FiveAd.framework in Frameworks */ = {isa = PBXBuildFile; fileRef = 0BDB052D1D2AADB800AD92E9 /* FiveAd.framework */; };
		0BDB05301D2AB4F000AD92E9 /* AppVadorSDK.framework in Frameworks */ = {isa = PBXBuildFile; fileRef = 0BDB052F1D2AB4F000AD92E9 /* AppVadorSDK.framework */; };
		0BE4C49C16FB646100DAD11F /* PurchaseAddonController.m in Sources */ = {isa = PBXBuildFile; fileRef = 0BE4C49B16FB646100DAD11F /* PurchaseAddonController.m */; };
		0BE4C49E16FF0C9200DAD11F /* StoreKit.framework in Frameworks */ = {isa = PBXBuildFile; fileRef = 0BE4C49D16FF0C9200DAD11F /* StoreKit.framework */; };
		0BE4C4A216FF0D2E00DAD11F /* InAppPurchaseManager.m in Sources */ = {isa = PBXBuildFile; fileRef = 0BE4C4A116FF0D2E00DAD11F /* InAppPurchaseManager.m */; };
		0BE4C4A516FF406D00DAD11F /* Utility.m in Sources */ = {isa = PBXBuildFile; fileRef = 0BE4C4A416FF406C00DAD11F /* Utility.m */; };
		0BE78EF31AA4DEE7003AAE8D /* TargetTerm.m in Sources */ = {isa = PBXBuildFile; fileRef = 0BE78EF21AA4DEE7003AAE8D /* TargetTerm.m */; };
		0BF3AB6B1B525DE10029DC13 /* Help2ViewController.m in Sources */ = {isa = PBXBuildFile; fileRef = 0BF3AB6A1B525DE10029DC13 /* Help2ViewController.m */; };
		541522F4FE53EA70C2BB6CF5 /* libPods-BaseballRecorder.a in Frameworks */ = {isa = PBXBuildFile; fileRef = 5DA80F88DA27E003A25503D7 /* libPods-BaseballRecorder.a */; };
/* End PBXBuildFile section */

/* Begin PBXContainerItemProxy section */
		0B9499E016325697007F574D /* PBXContainerItemProxy */ = {
			isa = PBXContainerItemProxy;
			containerPortal = 0B9499A016325696007F574D /* Project object */;
			proxyType = 1;
			remoteGlobalIDString = 0B9499A816325697007F574D;
			remoteInfo = BaseballRecorder;
		};
/* End PBXContainerItemProxy section */

/* Begin PBXCopyFilesBuildPhase section */
		0B6E5C301E084E3A006C91E0 /* Embed Frameworks */ = {
			isa = PBXCopyFilesBuildPhase;
			buildActionMask = 2147483647;
			dstPath = "";
			dstSubfolderSpec = 10;
			files = (
				0B6E5C321E084E4C006C91E0 /* AWSCognito.framework in Embed Frameworks */,
				0B6E5C2F1E084E39006C91E0 /* AWSCore.framework in Embed Frameworks */,
				0B6E5C341E084E51006C91E0 /* AWSS3.framework in Embed Frameworks */,
			);
			name = "Embed Frameworks";
			runOnlyForDeploymentPostprocessing = 0;
		};
/* End PBXCopyFilesBuildPhase section */

/* Begin PBXFileReference section */
		0B0342BB1D257C6800D0D302 /* AVFoundation.framework */ = {isa = PBXFileReference; lastKnownFileType = wrapper.framework; name = AVFoundation.framework; path = System/Library/Frameworks/AVFoundation.framework; sourceTree = SDKROOT; };
		0B0342BD1D257C7900D0D302 /* CoreMedia.framework */ = {isa = PBXFileReference; lastKnownFileType = wrapper.framework; name = CoreMedia.framework; path = System/Library/Frameworks/CoreMedia.framework; sourceTree = SDKROOT; };
		0B0342BF1D257E9400D0D302 /* libsqlite3.tbd */ = {isa = PBXFileReference; lastKnownFileType = "sourcecode.text-based-dylib-definition"; name = libsqlite3.tbd; path = usr/lib/libsqlite3.tbd; sourceTree = SDKROOT; };
		0B1092E0193A4C620097C938 /* RectView.h */ = {isa = PBXFileReference; fileEncoding = 4; lastKnownFileType = sourcecode.c.h; path = RectView.h; sourceTree = "<group>"; };
		0B1092E1193A4C620097C938 /* RectView.m */ = {isa = PBXFileReference; fileEncoding = 4; lastKnownFileType = sourcecode.c.objc; path = RectView.m; sourceTree = "<group>"; };
		0B166C121A236EF200682DBC /* ImageIO.framework */ = {isa = PBXFileReference; lastKnownFileType = wrapper.framework; name = ImageIO.framework; path = System/Library/Frameworks/ImageIO.framework; sourceTree = SDKROOT; };
		0B166C211A2377C600682DBC /* CoreData.framework */ = {isa = PBXFileReference; lastKnownFileType = wrapper.framework; name = CoreData.framework; path = System/Library/Frameworks/CoreData.framework; sourceTree = SDKROOT; };
		0B166C231A2377D300682DBC /* SystemConfiguration.framework */ = {isa = PBXFileReference; lastKnownFileType = wrapper.framework; name = SystemConfiguration.framework; path = System/Library/Frameworks/SystemConfiguration.framework; sourceTree = SDKROOT; };
		0B16F8B31933918400C82E16 /* arrow_none.png */ = {isa = PBXFileReference; lastKnownFileType = image.png; name = arrow_none.png; path = BaseballRecorder/images/arrow_none.png; sourceTree = SOURCE_ROOT; };
		0B16F8B5193391CB00C82E16 /* browser_window.png */ = {isa = PBXFileReference; lastKnownFileType = image.png; name = browser_window.png; path = BaseballRecorder/images/browser_window.png; sourceTree = SOURCE_ROOT; };
		0B16F8B6193391CB00C82E16 /* browser_window@2x.png */ = {isa = PBXFileReference; lastKnownFileType = image.png; name = "browser_window@2x.png"; path = "BaseballRecorder/images/browser_window@2x.png"; sourceTree = SOURCE_ROOT; };
		0B16F8B9193391FE00C82E16 /* ground.png */ = {isa = PBXFileReference; lastKnownFileType = image.png; name = ground.png; path = BaseballRecorder/images/ground.png; sourceTree = SOURCE_ROOT; };
		0B16F8BA193391FE00C82E16 /* ground@2x.png */ = {isa = PBXFileReference; lastKnownFileType = image.png; name = "ground@2x.png"; path = "BaseballRecorder/images/ground@2x.png"; sourceTree = SOURCE_ROOT; };
		0B16F8BD19339BFA00C82E16 /* UIPlaceHolderTextView.h */ = {isa = PBXFileReference; fileEncoding = 4; lastKnownFileType = sourcecode.c.h; path = UIPlaceHolderTextView.h; sourceTree = "<group>"; };
		0B16F8BE19339BFA00C82E16 /* UIPlaceHolderTextView.m */ = {isa = PBXFileReference; fileEncoding = 4; lastKnownFileType = sourcecode.c.objc; path = UIPlaceHolderTextView.m; sourceTree = "<group>"; };
		0B1AA346163D59F700535116 /* BaseballRecorderUIApplication.h */ = {isa = PBXFileReference; fileEncoding = 4; lastKnownFileType = sourcecode.c.h; path = BaseballRecorderUIApplication.h; sourceTree = "<group>"; };
		0B1AA347163D59F800535116 /* BaseballRecorderUIApplication.m */ = {isa = PBXFileReference; fileEncoding = 4; lastKnownFileType = sourcecode.c.objc; path = BaseballRecorderUIApplication.m; sourceTree = "<group>"; };
		0B1AA349163D772B00535116 /* book.png */ = {isa = PBXFileReference; lastKnownFileType = image.png; name = book.png; path = BaseballRecorder/images/book.png; sourceTree = SOURCE_ROOT; };
		0B1AA34A163D772B00535116 /* book@2x.png */ = {isa = PBXFileReference; lastKnownFileType = image.png; name = "book@2x.png"; path = "BaseballRecorder/images/book@2x.png"; sourceTree = SOURCE_ROOT; };
		0B1AA34D163D772B00535116 /* settings.png */ = {isa = PBXFileReference; lastKnownFileType = image.png; name = settings.png; path = BaseballRecorder/images/settings.png; sourceTree = SOURCE_ROOT; };
		0B1AA34E163D772B00535116 /* settings@2x.png */ = {isa = PBXFileReference; lastKnownFileType = image.png; name = "settings@2x.png"; path = "BaseballRecorder/images/settings@2x.png"; sourceTree = SOURCE_ROOT; };
		0B1AA34F163D772B00535116 /* statistics.png */ = {isa = PBXFileReference; lastKnownFileType = image.png; name = statistics.png; path = BaseballRecorder/images/statistics.png; sourceTree = SOURCE_ROOT; };
		0B1AA350163D772B00535116 /* statistics@2x.png */ = {isa = PBXFileReference; lastKnownFileType = image.png; name = "statistics@2x.png"; path = "BaseballRecorder/images/statistics@2x.png"; sourceTree = SOURCE_ROOT; };
		0B20309818BA54DA00B94D8C /* BattingAnalysisController.h */ = {isa = PBXFileReference; fileEncoding = 4; lastKnownFileType = sourcecode.c.h; path = BattingAnalysisController.h; sourceTree = "<group>"; };
		0B20309918BA54DA00B94D8C /* BattingAnalysisController.m */ = {isa = PBXFileReference; fileEncoding = 4; lastKnownFileType = sourcecode.c.objc; path = BattingAnalysisController.m; sourceTree = "<group>"; };
		0B20309B18BA566200B94D8C /* BattingAnalysisView.h */ = {isa = PBXFileReference; fileEncoding = 4; lastKnownFileType = sourcecode.c.h; path = BattingAnalysisView.h; sourceTree = "<group>"; };
		0B20309C18BA566200B94D8C /* BattingAnalysisView.m */ = {isa = PBXFileReference; fileEncoding = 4; lastKnownFileType = sourcecode.c.objc; path = BattingAnalysisView.m; sourceTree = "<group>"; };
		0B21C2F516CD2C6B005FF0C5 /* StatisticsCommonController.h */ = {isa = PBXFileReference; fileEncoding = 4; lastKnownFileType = sourcecode.c.h; path = StatisticsCommonController.h; sourceTree = "<group>"; };
		0B21C2F616CD2C6B005FF0C5 /* StatisticsCommonController.m */ = {isa = PBXFileReference; fileEncoding = 4; lastKnownFileType = sourcecode.c.objc; path = StatisticsCommonController.m; sourceTree = "<group>"; };
		0B21C2FB16CD3385005FF0C5 /* PitchingStatistics.h */ = {isa = PBXFileReference; fileEncoding = 4; lastKnownFileType = sourcecode.c.h; path = PitchingStatistics.h; sourceTree = "<group>"; };
		0B21C2FC16CD3385005FF0C5 /* PitchingStatistics.m */ = {isa = PBXFileReference; fileEncoding = 4; lastKnownFileType = sourcecode.c.objc; path = PitchingStatistics.m; sourceTree = "<group>"; };
		0B2271891AAC9D0800B29E37 /* CoreTelephony.framework */ = {isa = PBXFileReference; lastKnownFileType = wrapper.framework; name = CoreTelephony.framework; path = System/Library/Frameworks/CoreTelephony.framework; sourceTree = SDKROOT; };
		0B22718B1AAC9D1400B29E37 /* MediaPlayer.framework */ = {isa = PBXFileReference; lastKnownFileType = wrapper.framework; name = MediaPlayer.framework; path = System/Library/Frameworks/MediaPlayer.framework; sourceTree = SDKROOT; };
		0B22718D1AAC9D2F00B29E37 /* QuartzCore.framework */ = {isa = PBXFileReference; lastKnownFileType = wrapper.framework; name = QuartzCore.framework; path = System/Library/Frameworks/QuartzCore.framework; sourceTree = SDKROOT; };
		0B2D1FC516402BAF00330699 /* ShowGameResultController.h */ = {isa = PBXFileReference; fileEncoding = 4; lastKnownFileType = sourcecode.c.h; path = ShowGameResultController.h; sourceTree = "<group>"; };
		0B2D1FC616402BAF00330699 /* ShowGameResultController.m */ = {isa = PBXFileReference; fileEncoding = 4; lastKnownFileType = sourcecode.c.objc; path = ShowGameResultController.m; sourceTree = "<group>"; };
		0B3C77C1164952ED00A214EC /* ConfigManager.h */ = {isa = PBXFileReference; fileEncoding = 4; lastKnownFileType = sourcecode.c.h; path = ConfigManager.h; sourceTree = "<group>"; };
		0B3C77C2164952ED00A214EC /* ConfigManager.m */ = {isa = PBXFileReference; fileEncoding = 4; lastKnownFileType = sourcecode.c.objc; path = ConfigManager.m; sourceTree = "<group>"; };
		0B40E42916C12AA300E0E95D /* PitchingResultController.h */ = {isa = PBXFileReference; fileEncoding = 4; lastKnownFileType = sourcecode.c.h; path = PitchingResultController.h; sourceTree = "<group>"; };
		0B40E42A16C12AA300E0E95D /* PitchingResultController.m */ = {isa = PBXFileReference; fileEncoding = 4; lastKnownFileType = sourcecode.c.objc; path = PitchingResultController.m; sourceTree = "<group>"; };
		0B40E42C16C3EEE800E0E95D /* CheckBoxButton.h */ = {isa = PBXFileReference; fileEncoding = 4; lastKnownFileType = sourcecode.c.h; path = CheckBoxButton.h; sourceTree = "<group>"; };
		0B40E42D16C3EEE800E0E95D /* CheckBoxButton.m */ = {isa = PBXFileReference; fileEncoding = 4; lastKnownFileType = sourcecode.c.objc; path = CheckBoxButton.m; sourceTree = "<group>"; };
		0B40E43516C3F0DD00E0E95D /* disable_check.png */ = {isa = PBXFileReference; lastKnownFileType = image.png; name = disable_check.png; path = BaseballRecorder/images/disable_check.png; sourceTree = SOURCE_ROOT; };
		0B40E43616C3F0DD00E0E95D /* nocheck.png */ = {isa = PBXFileReference; lastKnownFileType = image.png; name = nocheck.png; path = BaseballRecorder/images/nocheck.png; sourceTree = SOURCE_ROOT; };
		0B40E43716C3F0DD00E0E95D /* check.png */ = {isa = PBXFileReference; lastKnownFileType = image.png; name = check.png; path = BaseballRecorder/images/check.png; sourceTree = SOURCE_ROOT; };
		0B40E43B16CAB08C00E0E95D /* PitchingStatisticsController.h */ = {isa = PBXFileReference; fileEncoding = 4; lastKnownFileType = sourcecode.c.h; path = PitchingStatisticsController.h; sourceTree = "<group>"; };
		0B40E43C16CAB08C00E0E95D /* PitchingStatisticsController.m */ = {isa = PBXFileReference; fileEncoding = 4; lastKnownFileType = sourcecode.c.objc; path = PitchingStatisticsController.m; sourceTree = "<group>"; };
		0B40E44216CAB45100E0E95D /* baseball.png */ = {isa = PBXFileReference; lastKnownFileType = image.png; name = baseball.png; path = BaseballRecorder/images/baseball.png; sourceTree = SOURCE_ROOT; };
		0B40E44316CAB45100E0E95D /* baseball@2x.png */ = {isa = PBXFileReference; lastKnownFileType = image.png; name = "baseball@2x.png"; path = "BaseballRecorder/images/baseball@2x.png"; sourceTree = SOURCE_ROOT; };
		0B4E8D6D1944BB80007D7F71 /* CustomSummaryController.h */ = {isa = PBXFileReference; fileEncoding = 4; lastKnownFileType = sourcecode.c.h; path = CustomSummaryController.h; sourceTree = "<group>"; };
		0B4E8D6E1944BB80007D7F71 /* CustomSummaryController.m */ = {isa = PBXFileReference; fileEncoding = 4; lastKnownFileType = sourcecode.c.objc; path = CustomSummaryController.m; sourceTree = "<group>"; };
		0B53464D17BF561A00601AAE /* arrow_right.png */ = {isa = PBXFileReference; lastKnownFileType = image.png; name = arrow_right.png; path = BaseballRecorder/images/arrow_right.png; sourceTree = SOURCE_ROOT; };
		0B53465317BF676900601AAE /* arrow_left.png */ = {isa = PBXFileReference; lastKnownFileType = image.png; name = arrow_left.png; path = BaseballRecorder/images/arrow_left.png; sourceTree = SOURCE_ROOT; };
		0B5EEE80163AE4C20038980D /* GameResultManager.h */ = {isa = PBXFileReference; fileEncoding = 4; lastKnownFileType = sourcecode.c.h; path = GameResultManager.h; sourceTree = "<group>"; };
		0B5EEE81163AE4C20038980D /* GameResultManager.m */ = {isa = PBXFileReference; fileEncoding = 4; lastKnownFileType = sourcecode.c.objc; path = GameResultManager.m; sourceTree = "<group>"; };
		0B6836FE164277220086E198 /* BattingStatisticsViewController.h */ = {isa = PBXFileReference; fileEncoding = 4; lastKnownFileType = sourcecode.c.h; path = BattingStatisticsViewController.h; sourceTree = "<group>"; };
		0B6836FF164277220086E198 /* BattingStatisticsViewController.m */ = {isa = PBXFileReference; fileEncoding = 4; lastKnownFileType = sourcecode.c.objc; path = BattingStatisticsViewController.m; sourceTree = "<group>"; };
		0B683701164279C50086E198 /* TeamStatistics.h */ = {isa = PBXFileReference; fileEncoding = 4; lastKnownFileType = sourcecode.c.h; path = TeamStatistics.h; sourceTree = "<group>"; };
		0B683702164279C50086E198 /* TeamStatistics.m */ = {isa = PBXFileReference; fileEncoding = 4; lastKnownFileType = sourcecode.c.objc; path = TeamStatistics.m; sourceTree = "<group>"; };
		0B683704164279E00086E198 /* BattingStatistics.h */ = {isa = PBXFileReference; fileEncoding = 4; lastKnownFileType = sourcecode.c.h; path = BattingStatistics.h; sourceTree = "<group>"; };
		0B683705164279E00086E198 /* BattingStatistics.m */ = {isa = PBXFileReference; fileEncoding = 4; lastKnownFileType = sourcecode.c.objc; path = BattingStatistics.m; sourceTree = "<group>"; };
		0B6BB1B216AD9E1C00B66509 /* SelectInputViewController.h */ = {isa = PBXFileReference; fileEncoding = 4; lastKnownFileType = sourcecode.c.h; path = SelectInputViewController.h; sourceTree = "<group>"; };
		0B6BB1B316AD9E1C00B66509 /* SelectInputViewController.m */ = {isa = PBXFileReference; fileEncoding = 4; lastKnownFileType = sourcecode.c.objc; path = SelectInputViewController.m; sourceTree = "<group>"; };
		0B6BB1D016AEC7A000B66509 /* MessageUI.framework */ = {isa = PBXFileReference; lastKnownFileType = wrapper.framework; name = MessageUI.framework; path = System/Library/Frameworks/MessageUI.framework; sourceTree = SDKROOT; };
		0B6BB1D216AEE6E100B66509 /* AddressBookUI.framework */ = {isa = PBXFileReference; lastKnownFileType = wrapper.framework; name = AddressBookUI.framework; path = System/Library/Frameworks/AddressBookUI.framework; sourceTree = SDKROOT; };
		0B6BB1D616AEF09200B66509 /* AddressBook.framework */ = {isa = PBXFileReference; lastKnownFileType = wrapper.framework; name = AddressBook.framework; path = System/Library/Frameworks/AddressBook.framework; sourceTree = SDKROOT; };
		0B6E5C241E0845EE006C91E0 /* AWSCognito.framework */ = {isa = PBXFileReference; lastKnownFileType = wrapper.framework; path = AWSCognito.framework; sourceTree = "<group>"; };
		0B6E5C261E084600006C91E0 /* AWSS3.framework */ = {isa = PBXFileReference; lastKnownFileType = wrapper.framework; path = AWSS3.framework; sourceTree = "<group>"; };
		0B6E5C281E0847E0006C91E0 /* AWSCore.framework */ = {isa = PBXFileReference; lastKnownFileType = wrapper.framework; path = AWSCore.framework; sourceTree = "<group>"; };
		0B6E5C351E09857A006C91E0 /* S3Manager.h */ = {isa = PBXFileReference; fileEncoding = 4; lastKnownFileType = sourcecode.c.h; path = S3Manager.h; sourceTree = "<group>"; };
		0B6E5C361E09857A006C91E0 /* S3Manager.m */ = {isa = PBXFileReference; fileEncoding = 4; lastKnownFileType = sourcecode.c.objc; path = S3Manager.m; sourceTree = "<group>"; };
		0B6E5C3F1E0D8361006C91E0 /* S3Config.h */ = {isa = PBXFileReference; fileEncoding = 4; lastKnownFileType = sourcecode.c.h; path = S3Config.h; sourceTree = "<group>"; };
		0B6E5C401E0D8361006C91E0 /* S3Config.m */ = {isa = PBXFileReference; fileEncoding = 4; lastKnownFileType = sourcecode.c.objc; path = S3Config.m; sourceTree = "<group>"; };
		0B7F820A164C134700811465 /* ja */ = {isa = PBXFileReference; lastKnownFileType = text.plist.strings; name = ja; path = ja.lproj/InfoPlist.strings; sourceTree = "<group>"; };
		0B7F820B164C134700811465 /* ja */ = {isa = PBXFileReference; lastKnownFileType = file.storyboard; name = ja; path = ja.lproj/MainStoryboard.storyboard; sourceTree = "<group>"; };
		0B7F820C164C134700811465 /* ja */ = {isa = PBXFileReference; lastKnownFileType = text.plist.strings; name = ja; path = ja.lproj/InfoPlist.strings; sourceTree = "<group>"; };
		0B9499A916325697007F574D /* BaseballRecorder.app */ = {isa = PBXFileReference; explicitFileType = wrapper.application; includeInIndex = 0; path = BaseballRecorder.app; sourceTree = BUILT_PRODUCTS_DIR; };
		0B9499AD16325697007F574D /* UIKit.framework */ = {isa = PBXFileReference; lastKnownFileType = wrapper.framework; name = UIKit.framework; path = System/Library/Frameworks/UIKit.framework; sourceTree = SDKROOT; };
		0B9499AF16325697007F574D /* Foundation.framework */ = {isa = PBXFileReference; lastKnownFileType = wrapper.framework; name = Foundation.framework; path = System/Library/Frameworks/Foundation.framework; sourceTree = SDKROOT; };
		0B9499B116325697007F574D /* CoreGraphics.framework */ = {isa = PBXFileReference; lastKnownFileType = wrapper.framework; name = CoreGraphics.framework; path = System/Library/Frameworks/CoreGraphics.framework; sourceTree = SDKROOT; };
		0B9499B516325697007F574D /* BaseballRecorder-Info.plist */ = {isa = PBXFileReference; lastKnownFileType = text.plist.xml; path = "BaseballRecorder-Info.plist"; sourceTree = "<group>"; };
		0B9499B916325697007F574D /* main.m */ = {isa = PBXFileReference; lastKnownFileType = sourcecode.c.objc; path = main.m; sourceTree = "<group>"; };
		0B9499BB16325697007F574D /* BaseballRecorder-Prefix.pch */ = {isa = PBXFileReference; lastKnownFileType = sourcecode.c.h; path = "BaseballRecorder-Prefix.pch"; sourceTree = "<group>"; };
		0B9499BC16325697007F574D /* AppDelegate.h */ = {isa = PBXFileReference; lastKnownFileType = sourcecode.c.h; path = AppDelegate.h; sourceTree = "<group>"; };
		0B9499BD16325697007F574D /* AppDelegate.m */ = {isa = PBXFileReference; lastKnownFileType = sourcecode.c.objc; path = AppDelegate.m; sourceTree = "<group>"; };
		0B9499C816325697007F574D /* GameResultListController.h */ = {isa = PBXFileReference; lastKnownFileType = sourcecode.c.h; path = GameResultListController.h; sourceTree = "<group>"; };
		0B9499C916325697007F574D /* GameResultListController.m */ = {isa = PBXFileReference; lastKnownFileType = sourcecode.c.objc; path = GameResultListController.m; sourceTree = "<group>"; };
		0B9499DB16325697007F574D /* BaseballRecorderTests.xctest */ = {isa = PBXFileReference; explicitFileType = wrapper.cfbundle; includeInIndex = 0; path = BaseballRecorderTests.xctest; sourceTree = BUILT_PRODUCTS_DIR; };
		0B9499E416325697007F574D /* BaseballRecorderTests-Info.plist */ = {isa = PBXFileReference; lastKnownFileType = text.plist.xml; path = "BaseballRecorderTests-Info.plist"; sourceTree = "<group>"; };
		0B9499E816325697007F574D /* BaseballRecorderTests.h */ = {isa = PBXFileReference; lastKnownFileType = sourcecode.c.h; path = BaseballRecorderTests.h; sourceTree = "<group>"; };
		0B9499E916325697007F574D /* BaseballRecorderTests.m */ = {isa = PBXFileReference; lastKnownFileType = sourcecode.c.objc; path = BaseballRecorderTests.m; sourceTree = "<group>"; };
		0B9499F316325AAF007F574D /* ConfigViewController.h */ = {isa = PBXFileReference; fileEncoding = 4; lastKnownFileType = sourcecode.c.h; path = ConfigViewController.h; sourceTree = "<group>"; };
		0B9499F416325AAF007F574D /* ConfigViewController.m */ = {isa = PBXFileReference; fileEncoding = 4; lastKnownFileType = sourcecode.c.objc; path = ConfigViewController.m; sourceTree = "<group>"; };
		0B9499FA16326416007F574D /* InputViewController.h */ = {isa = PBXFileReference; fileEncoding = 4; lastKnownFileType = sourcecode.c.h; path = InputViewController.h; sourceTree = "<group>"; };
		0B9499FD16329737007F574D /* ResultPickerViewController.h */ = {isa = PBXFileReference; fileEncoding = 4; lastKnownFileType = sourcecode.c.h; path = ResultPickerViewController.h; sourceTree = "<group>"; };
		0B9499FE16329737007F574D /* ResultPickerViewController.m */ = {isa = PBXFileReference; fileEncoding = 4; lastKnownFileType = sourcecode.c.objc; path = ResultPickerViewController.m; sourceTree = "<group>"; };
		0B949A001632A1E3007F574D /* InputViewController.m */ = {isa = PBXFileReference; fileEncoding = 4; lastKnownFileType = sourcecode.c.objc; path = InputViewController.m; sourceTree = "<group>"; };
		0B949A0216335C32007F574D /* GameResult.h */ = {isa = PBXFileReference; fileEncoding = 4; lastKnownFileType = sourcecode.c.h; path = GameResult.h; sourceTree = "<group>"; };
		0B949A0316335C33007F574D /* GameResult.m */ = {isa = PBXFileReference; fileEncoding = 4; lastKnownFileType = sourcecode.c.objc; path = GameResult.m; sourceTree = "<group>"; };
		0B949A0516335C8A007F574D /* BattingResult.h */ = {isa = PBXFileReference; fileEncoding = 4; lastKnownFileType = sourcecode.c.h; path = BattingResult.h; sourceTree = "<group>"; };
		0B949A0616335C8B007F574D /* BattingResult.m */ = {isa = PBXFileReference; fileEncoding = 4; lastKnownFileType = sourcecode.c.objc; path = BattingResult.m; sourceTree = "<group>"; };
		0B9AA57218C35E53001F42F4 /* Social.framework */ = {isa = PBXFileReference; lastKnownFileType = wrapper.framework; name = Social.framework; path = System/Library/Frameworks/Social.framework; sourceTree = SDKROOT; };
		0BB4AECD1DCB9DB500AA9CC3 /* InputConfigViewController.h */ = {isa = PBXFileReference; fileEncoding = 4; lastKnownFileType = sourcecode.c.h; path = InputConfigViewController.h; sourceTree = "<group>"; };
		0BB4AECE1DCB9DB500AA9CC3 /* InputConfigViewController.m */ = {isa = PBXFileReference; fileEncoding = 4; lastKnownFileType = sourcecode.c.objc; path = InputConfigViewController.m; sourceTree = "<group>"; };
		0BB4AED01DCE3BA600AA9CC3 /* SaveServerViewController.h */ = {isa = PBXFileReference; fileEncoding = 4; lastKnownFileType = sourcecode.c.h; path = SaveServerViewController.h; sourceTree = "<group>"; };
		0BB4AED11DCE3BA600AA9CC3 /* SaveServerViewController.m */ = {isa = PBXFileReference; fileEncoding = 4; lastKnownFileType = sourcecode.c.objc; path = SaveServerViewController.m; sourceTree = "<group>"; };
		0BB4AED31DCE3BB500AA9CC3 /* LoadServerViewController.h */ = {isa = PBXFileReference; fileEncoding = 4; lastKnownFileType = sourcecode.c.h; path = LoadServerViewController.h; sourceTree = "<group>"; };
		0BB4AED41DCE3BB500AA9CC3 /* LoadServerViewController.m */ = {isa = PBXFileReference; fileEncoding = 4; lastKnownFileType = sourcecode.c.objc; path = LoadServerViewController.m; sourceTree = "<group>"; };
		0BB960EB1A5996840062EA3F /* Images-2.xcassets */ = {isa = PBXFileReference; lastKnownFileType = folder.assetcatalog; path = "Images-2.xcassets"; sourceTree = "<group>"; };
		0BB960ED1A5997530062EA3F /* icon-29.png */ = {isa = PBXFileReference; lastKnownFileType = image.png; name = "icon-29.png"; path = "BaseballRecorder/images/icon-29.png"; sourceTree = SOURCE_ROOT; };
		0BB960EE1A5997530062EA3F /* icon-29@2x.png */ = {isa = PBXFileReference; lastKnownFileType = image.png; name = "icon-29@2x.png"; path = "BaseballRecorder/images/icon-29@2x.png"; sourceTree = SOURCE_ROOT; };
		0BB960EF1A5997530062EA3F /* icon-29@3x.png */ = {isa = PBXFileReference; lastKnownFileType = image.png; name = "icon-29@3x.png"; path = "BaseballRecorder/images/icon-29@3x.png"; sourceTree = SOURCE_ROOT; };
		0BB960F01A5997530062EA3F /* icon-40@2x.png */ = {isa = PBXFileReference; lastKnownFileType = image.png; name = "icon-40@2x.png"; path = "BaseballRecorder/images/icon-40@2x.png"; sourceTree = SOURCE_ROOT; };
		0BB960F11A5997530062EA3F /* icon-40@3x.png */ = {isa = PBXFileReference; lastKnownFileType = image.png; name = "icon-40@3x.png"; path = "BaseballRecorder/images/icon-40@3x.png"; sourceTree = SOURCE_ROOT; };
		0BB960F21A5997530062EA3F /* icon-50.png */ = {isa = PBXFileReference; lastKnownFileType = image.png; name = "icon-50.png"; path = "BaseballRecorder/images/icon-50.png"; sourceTree = SOURCE_ROOT; };
		0BB960F31A5997530062EA3F /* icon-50@2x.png */ = {isa = PBXFileReference; lastKnownFileType = image.png; name = "icon-50@2x.png"; path = "BaseballRecorder/images/icon-50@2x.png"; sourceTree = SOURCE_ROOT; };
		0BB960F41A5997530062EA3F /* icon-57.png */ = {isa = PBXFileReference; lastKnownFileType = image.png; name = "icon-57.png"; path = "BaseballRecorder/images/icon-57.png"; sourceTree = SOURCE_ROOT; };
		0BB960F51A5997530062EA3F /* icon-57@2x.png */ = {isa = PBXFileReference; lastKnownFileType = image.png; name = "icon-57@2x.png"; path = "BaseballRecorder/images/icon-57@2x.png"; sourceTree = SOURCE_ROOT; };
		0BB960F61A5997530062EA3F /* icon-60@2x.png */ = {isa = PBXFileReference; lastKnownFileType = image.png; name = "icon-60@2x.png"; path = "BaseballRecorder/images/icon-60@2x.png"; sourceTree = SOURCE_ROOT; };
		0BB960F71A5997530062EA3F /* icon-60@3x.png */ = {isa = PBXFileReference; lastKnownFileType = image.png; name = "icon-60@3x.png"; path = "BaseballRecorder/images/icon-60@3x.png"; sourceTree = SOURCE_ROOT; };
		0BB960F81A5997530062EA3F /* icon-72.png */ = {isa = PBXFileReference; lastKnownFileType = image.png; name = "icon-72.png"; path = "BaseballRecorder/images/icon-72.png"; sourceTree = SOURCE_ROOT; };
		0BB960F91A5997530062EA3F /* icon-72@2x.png */ = {isa = PBXFileReference; lastKnownFileType = image.png; name = "icon-72@2x.png"; path = "BaseballRecorder/images/icon-72@2x.png"; sourceTree = SOURCE_ROOT; };
		0BB960FA1A5997530062EA3F /* icon-76.png */ = {isa = PBXFileReference; lastKnownFileType = image.png; name = "icon-76.png"; path = "BaseballRecorder/images/icon-76.png"; sourceTree = SOURCE_ROOT; };
		0BB960FB1A5997530062EA3F /* icon-76@2x.png */ = {isa = PBXFileReference; lastKnownFileType = image.png; name = "icon-76@2x.png"; path = "BaseballRecorder/images/icon-76@2x.png"; sourceTree = SOURCE_ROOT; };
		0BC1B1111B36929D004E3059 /* HelpViewController.m */ = {isa = PBXFileReference; fileEncoding = 4; lastKnownFileType = sourcecode.c.objc; path = HelpViewController.m; sourceTree = "<group>"; };
		0BC1B1131B3692C5004E3059 /* HelpViewController.h */ = {isa = PBXFileReference; lastKnownFileType = sourcecode.c.h; path = HelpViewController.h; sourceTree = "<group>"; };
		0BC4265417C663A500AB95D0 /* Twitter.framework */ = {isa = PBXFileReference; lastKnownFileType = wrapper.framework; name = Twitter.framework; path = System/Library/Frameworks/Twitter.framework; sourceTree = SDKROOT; };
		0BC5F7F717C26D4D00C755A7 /* AdSupport.framework */ = {isa = PBXFileReference; lastKnownFileType = wrapper.framework; name = AdSupport.framework; path = System/Library/Frameworks/AdSupport.framework; sourceTree = SDKROOT; };
		0BC5F7F917C26D5400C755A7 /* Security.framework */ = {isa = PBXFileReference; lastKnownFileType = wrapper.framework; name = Security.framework; path = System/Library/Frameworks/Security.framework; sourceTree = SDKROOT; };
		0BDB052D1D2AADB800AD92E9 /* FiveAd.framework */ = {isa = PBXFileReference; lastKnownFileType = wrapper.framework; path = FiveAd.framework; sourceTree = "<group>"; };
		0BDB052F1D2AB4F000AD92E9 /* AppVadorSDK.framework */ = {isa = PBXFileReference; lastKnownFileType = wrapper.framework; path = AppVadorSDK.framework; sourceTree = "<group>"; };
		0BE4C49A16FB646100DAD11F /* PurchaseAddonController.h */ = {isa = PBXFileReference; fileEncoding = 4; lastKnownFileType = sourcecode.c.h; path = PurchaseAddonController.h; sourceTree = "<group>"; };
		0BE4C49B16FB646100DAD11F /* PurchaseAddonController.m */ = {isa = PBXFileReference; fileEncoding = 4; lastKnownFileType = sourcecode.c.objc; path = PurchaseAddonController.m; sourceTree = "<group>"; };
		0BE4C49D16FF0C9200DAD11F /* StoreKit.framework */ = {isa = PBXFileReference; lastKnownFileType = wrapper.framework; name = StoreKit.framework; path = System/Library/Frameworks/StoreKit.framework; sourceTree = SDKROOT; };
		0BE4C49F16FF0D0000DAD11F /* InAppPurchaseProtocol.h */ = {isa = PBXFileReference; lastKnownFileType = sourcecode.c.h; path = InAppPurchaseProtocol.h; sourceTree = "<group>"; };
		0BE4C4A016FF0D2E00DAD11F /* InAppPurchaseManager.h */ = {isa = PBXFileReference; fileEncoding = 4; lastKnownFileType = sourcecode.c.h; path = InAppPurchaseManager.h; sourceTree = "<group>"; };
		0BE4C4A116FF0D2E00DAD11F /* InAppPurchaseManager.m */ = {isa = PBXFileReference; fileEncoding = 4; lastKnownFileType = sourcecode.c.objc; path = InAppPurchaseManager.m; sourceTree = "<group>"; };
		0BE4C4A316FF406C00DAD11F /* Utility.h */ = {isa = PBXFileReference; fileEncoding = 4; lastKnownFileType = sourcecode.c.h; path = Utility.h; sourceTree = "<group>"; };
		0BE4C4A416FF406C00DAD11F /* Utility.m */ = {isa = PBXFileReference; fileEncoding = 4; lastKnownFileType = sourcecode.c.objc; path = Utility.m; sourceTree = "<group>"; };
		0BE78EF21AA4DEE7003AAE8D /* TargetTerm.m */ = {isa = PBXFileReference; fileEncoding = 4; lastKnownFileType = sourcecode.c.objc; path = TargetTerm.m; sourceTree = "<group>"; };
		0BE78EF41AA4DEFE003AAE8D /* TargetTerm.h */ = {isa = PBXFileReference; lastKnownFileType = sourcecode.c.h; path = TargetTerm.h; sourceTree = "<group>"; };
		0BF3AB6A1B525DE10029DC13 /* Help2ViewController.m */ = {isa = PBXFileReference; fileEncoding = 4; lastKnownFileType = sourcecode.c.objc; path = Help2ViewController.m; sourceTree = "<group>"; };
		0BF3AB6C1B525E020029DC13 /* Help2ViewController.h */ = {isa = PBXFileReference; lastKnownFileType = sourcecode.c.h; path = Help2ViewController.h; sourceTree = "<group>"; };
		1587FC2CA3BEF6A0D0AF606C /* Pods-BaseballRecorder.debug.xcconfig */ = {isa = PBXFileReference; includeInIndex = 1; lastKnownFileType = text.xcconfig; name = "Pods-BaseballRecorder.debug.xcconfig"; path = "Pods/Target Support Files/Pods-BaseballRecorder/Pods-BaseballRecorder.debug.xcconfig"; sourceTree = "<group>"; };
		5DA80F88DA27E003A25503D7 /* libPods-BaseballRecorder.a */ = {isa = PBXFileReference; explicitFileType = archive.ar; includeInIndex = 0; path = "libPods-BaseballRecorder.a"; sourceTree = BUILT_PRODUCTS_DIR; };
		69622BF9BECC71DDE112ED23 /* Pods-BaseballRecorder.release.xcconfig */ = {isa = PBXFileReference; includeInIndex = 1; lastKnownFileType = text.xcconfig; name = "Pods-BaseballRecorder.release.xcconfig"; path = "Pods/Target Support Files/Pods-BaseballRecorder/Pods-BaseballRecorder.release.xcconfig"; sourceTree = "<group>"; };
/* End PBXFileReference section */

/* Begin PBXFrameworksBuildPhase section */
		0B9499A616325697007F574D /* Frameworks */ = {
			isa = PBXFrameworksBuildPhase;
			buildActionMask = 2147483647;
			files = (
				0B0342C01D257E9400D0D302 /* libsqlite3.tbd in Frameworks */,
				0B6E5C2E1E084E39006C91E0 /* AWSCore.framework in Frameworks */,
				0B0342BE1D257C7900D0D302 /* CoreMedia.framework in Frameworks */,
				0B0342BC1D257C6900D0D302 /* AVFoundation.framework in Frameworks */,
				0B22718E1AAC9D2F00B29E37 /* QuartzCore.framework in Frameworks */,
				0BC5F7FA17C26D5400C755A7 /* Security.framework in Frameworks */,
				0B22718C1AAC9D1400B29E37 /* MediaPlayer.framework in Frameworks */,
				0B22718A1AAC9D0800B29E37 /* CoreTelephony.framework in Frameworks */,
				0B166C241A2377D300682DBC /* SystemConfiguration.framework in Frameworks */,
				0B166C221A2377C600682DBC /* CoreData.framework in Frameworks */,
				0BC5F7F817C26D4D00C755A7 /* AdSupport.framework in Frameworks */,
				0B166C131A236EF200682DBC /* ImageIO.framework in Frameworks */,
				0B9AA57318C35E53001F42F4 /* Social.framework in Frameworks */,
				0BC4265517C663A500AB95D0 /* Twitter.framework in Frameworks */,
				0BE4C49E16FF0C9200DAD11F /* StoreKit.framework in Frameworks */,
				0BDB05301D2AB4F000AD92E9 /* AppVadorSDK.framework in Frameworks */,
				0B6BB1D116AEC7A100B66509 /* MessageUI.framework in Frameworks */,
				0B9499AE16325697007F574D /* UIKit.framework in Frameworks */,
				0B6E5C311E084E4C006C91E0 /* AWSCognito.framework in Frameworks */,
				0B9499B016325697007F574D /* Foundation.framework in Frameworks */,
				0B6E5C331E084E51006C91E0 /* AWSS3.framework in Frameworks */,
				0BDB052E1D2AADB800AD92E9 /* FiveAd.framework in Frameworks */,
				0B9499B216325697007F574D /* CoreGraphics.framework in Frameworks */,
				541522F4FE53EA70C2BB6CF5 /* libPods-BaseballRecorder.a in Frameworks */,
			);
			runOnlyForDeploymentPostprocessing = 0;
		};
		0B9499D716325697007F574D /* Frameworks */ = {
			isa = PBXFrameworksBuildPhase;
			buildActionMask = 2147483647;
			files = (
				0B9499DE16325697007F574D /* UIKit.framework in Frameworks */,
				0B9499DF16325697007F574D /* Foundation.framework in Frameworks */,
			);
			runOnlyForDeploymentPostprocessing = 0;
		};
/* End PBXFrameworksBuildPhase section */

/* Begin PBXGroup section */
		0B1AA339163D4F3300535116 /* images */ = {
			isa = PBXGroup;
			children = (
				0B53465317BF676900601AAE /* arrow_left.png */,
				0B53464D17BF561A00601AAE /* arrow_right.png */,
				0B16F8B31933918400C82E16 /* arrow_none.png */,
				0B40E44216CAB45100E0E95D /* baseball.png */,
				0B40E44316CAB45100E0E95D /* baseball@2x.png */,
				0B16F8B5193391CB00C82E16 /* browser_window.png */,
				0B16F8B6193391CB00C82E16 /* browser_window@2x.png */,
				0B40E43516C3F0DD00E0E95D /* disable_check.png */,
				0B40E43616C3F0DD00E0E95D /* nocheck.png */,
				0B40E43716C3F0DD00E0E95D /* check.png */,
				0B16F8B9193391FE00C82E16 /* ground.png */,
				0B16F8BA193391FE00C82E16 /* ground@2x.png */,
				0B1AA349163D772B00535116 /* book.png */,
				0B1AA34A163D772B00535116 /* book@2x.png */,
				0B1AA34D163D772B00535116 /* settings.png */,
				0B1AA34E163D772B00535116 /* settings@2x.png */,
				0B1AA34F163D772B00535116 /* statistics.png */,
				0B1AA350163D772B00535116 /* statistics@2x.png */,
				0BB960ED1A5997530062EA3F /* icon-29.png */,
				0BB960EE1A5997530062EA3F /* icon-29@2x.png */,
				0BB960EF1A5997530062EA3F /* icon-29@3x.png */,
				0BB960F01A5997530062EA3F /* icon-40@2x.png */,
				0BB960F11A5997530062EA3F /* icon-40@3x.png */,
				0BB960F21A5997530062EA3F /* icon-50.png */,
				0BB960F31A5997530062EA3F /* icon-50@2x.png */,
				0BB960F41A5997530062EA3F /* icon-57.png */,
				0BB960F51A5997530062EA3F /* icon-57@2x.png */,
				0BB960F61A5997530062EA3F /* icon-60@2x.png */,
				0BB960F71A5997530062EA3F /* icon-60@3x.png */,
				0BB960F81A5997530062EA3F /* icon-72.png */,
				0BB960F91A5997530062EA3F /* icon-72@2x.png */,
				0BB960FA1A5997530062EA3F /* icon-76.png */,
				0BB960FB1A5997530062EA3F /* icon-76@2x.png */,
			);
			path = images;
			sourceTree = "<group>";
		};
		0B94999E16325696007F574D = {
			isa = PBXGroup;
			children = (
				0B9499B316325697007F574D /* BaseballRecorder */,
				0B9499E216325697007F574D /* BaseballRecorderTests */,
				0B9499AC16325697007F574D /* Frameworks */,
				0B9499AA16325697007F574D /* Products */,
				DBDC9010E5620F0AA9E03C14 /* Pods */,
			);
			sourceTree = "<group>";
		};
		0B9499AA16325697007F574D /* Products */ = {
			isa = PBXGroup;
			children = (
				0B9499A916325697007F574D /* BaseballRecorder.app */,
				0B9499DB16325697007F574D /* BaseballRecorderTests.xctest */,
			);
			name = Products;
			sourceTree = "<group>";
		};
		0B9499AC16325697007F574D /* Frameworks */ = {
			isa = PBXGroup;
			children = (
				0B6E5C281E0847E0006C91E0 /* AWSCore.framework */,
				0B6E5C261E084600006C91E0 /* AWSS3.framework */,
				0B6E5C241E0845EE006C91E0 /* AWSCognito.framework */,
				0B0342BF1D257E9400D0D302 /* libsqlite3.tbd */,
				0BDB052F1D2AB4F000AD92E9 /* AppVadorSDK.framework */,
				0BDB052D1D2AADB800AD92E9 /* FiveAd.framework */,
				0B0342BD1D257C7900D0D302 /* CoreMedia.framework */,
				0B0342BB1D257C6800D0D302 /* AVFoundation.framework */,
				0B22718D1AAC9D2F00B29E37 /* QuartzCore.framework */,
				0B22718B1AAC9D1400B29E37 /* MediaPlayer.framework */,
				0B2271891AAC9D0800B29E37 /* CoreTelephony.framework */,
				0B166C231A2377D300682DBC /* SystemConfiguration.framework */,
				0B166C211A2377C600682DBC /* CoreData.framework */,
				0B166C121A236EF200682DBC /* ImageIO.framework */,
				0B9AA57218C35E53001F42F4 /* Social.framework */,
				0BC4265417C663A500AB95D0 /* Twitter.framework */,
				0BC5F7F917C26D5400C755A7 /* Security.framework */,
				0BE4C49D16FF0C9200DAD11F /* StoreKit.framework */,
				0BC5F7F717C26D4D00C755A7 /* AdSupport.framework */,
				0B6BB1D616AEF09200B66509 /* AddressBook.framework */,
				0B6BB1D216AEE6E100B66509 /* AddressBookUI.framework */,
				0B6BB1D016AEC7A000B66509 /* MessageUI.framework */,
				0B9499AD16325697007F574D /* UIKit.framework */,
				0B9499AF16325697007F574D /* Foundation.framework */,
				0B9499B116325697007F574D /* CoreGraphics.framework */,
				5DA80F88DA27E003A25503D7 /* libPods-BaseballRecorder.a */,
			);
			name = Frameworks;
			sourceTree = "<group>";
		};
		0B9499B316325697007F574D /* BaseballRecorder */ = {
			isa = PBXGroup;
			children = (
				0B1AA339163D4F3300535116 /* images */,
				0B9499B416325697007F574D /* Supporting Files */,
				0B9499BC16325697007F574D /* AppDelegate.h */,
				0B9499BD16325697007F574D /* AppDelegate.m */,
				0B1AA346163D59F700535116 /* BaseballRecorderUIApplication.h */,
				0B1AA347163D59F800535116 /* BaseballRecorderUIApplication.m */,
				0B9499C516325697007F574D /* MainStoryboard.storyboard */,
				0B9499C816325697007F574D /* GameResultListController.h */,
				0B9499C916325697007F574D /* GameResultListController.m */,
				0B21C2F516CD2C6B005FF0C5 /* StatisticsCommonController.h */,
				0B21C2F616CD2C6B005FF0C5 /* StatisticsCommonController.m */,
				0B6836FE164277220086E198 /* BattingStatisticsViewController.h */,
				0B6836FF164277220086E198 /* BattingStatisticsViewController.m */,
				0B20309818BA54DA00B94D8C /* BattingAnalysisController.h */,
				0B20309918BA54DA00B94D8C /* BattingAnalysisController.m */,
				0B40E43B16CAB08C00E0E95D /* PitchingStatisticsController.h */,
				0B40E43C16CAB08C00E0E95D /* PitchingStatisticsController.m */,
				0B9499F316325AAF007F574D /* ConfigViewController.h */,
				0B9499F416325AAF007F574D /* ConfigViewController.m */,
				0B9499FA16326416007F574D /* InputViewController.h */,
				0B949A001632A1E3007F574D /* InputViewController.m */,
				0B40E42916C12AA300E0E95D /* PitchingResultController.h */,
				0B40E42A16C12AA300E0E95D /* PitchingResultController.m */,
				0B9499FD16329737007F574D /* ResultPickerViewController.h */,
				0B9499FE16329737007F574D /* ResultPickerViewController.m */,
				0B6BB1B216AD9E1C00B66509 /* SelectInputViewController.h */,
				0B6BB1B316AD9E1C00B66509 /* SelectInputViewController.m */,
				0B2D1FC516402BAF00330699 /* ShowGameResultController.h */,
				0B2D1FC616402BAF00330699 /* ShowGameResultController.m */,
				0B4E8D6D1944BB80007D7F71 /* CustomSummaryController.h */,
				0B4E8D6E1944BB80007D7F71 /* CustomSummaryController.m */,
				0BB4AECD1DCB9DB500AA9CC3 /* InputConfigViewController.h */,
				0BB4AECE1DCB9DB500AA9CC3 /* InputConfigViewController.m */,
				0BB4AED01DCE3BA600AA9CC3 /* SaveServerViewController.h */,
				0BB4AED11DCE3BA600AA9CC3 /* SaveServerViewController.m */,
				0BB4AED31DCE3BB500AA9CC3 /* LoadServerViewController.h */,
				0BB4AED41DCE3BB500AA9CC3 /* LoadServerViewController.m */,
				0BC1B1131B3692C5004E3059 /* HelpViewController.h */,
				0BC1B1111B36929D004E3059 /* HelpViewController.m */,
				0BF3AB6C1B525E020029DC13 /* Help2ViewController.h */,
				0BF3AB6A1B525DE10029DC13 /* Help2ViewController.m */,
				0BE4C49A16FB646100DAD11F /* PurchaseAddonController.h */,
				0BE4C49B16FB646100DAD11F /* PurchaseAddonController.m */,
				0B20309B18BA566200B94D8C /* BattingAnalysisView.h */,
				0B20309C18BA566200B94D8C /* BattingAnalysisView.m */,
				0B3C77C1164952ED00A214EC /* ConfigManager.h */,
				0B3C77C2164952ED00A214EC /* ConfigManager.m */,
				0B6E5C3F1E0D8361006C91E0 /* S3Config.h */,
				0B6E5C401E0D8361006C91E0 /* S3Config.m */,
				0B6E5C351E09857A006C91E0 /* S3Manager.h */,
				0B6E5C361E09857A006C91E0 /* S3Manager.m */,
				0B5EEE80163AE4C20038980D /* GameResultManager.h */,
				0B5EEE81163AE4C20038980D /* GameResultManager.m */,
				0B949A0216335C32007F574D /* GameResult.h */,
				0B949A0316335C33007F574D /* GameResult.m */,
				0B949A0516335C8A007F574D /* BattingResult.h */,
				0B949A0616335C8B007F574D /* BattingResult.m */,
				0B683701164279C50086E198 /* TeamStatistics.h */,
				0B683702164279C50086E198 /* TeamStatistics.m */,
				0B683704164279E00086E198 /* BattingStatistics.h */,
				0B683705164279E00086E198 /* BattingStatistics.m */,
				0B21C2FB16CD3385005FF0C5 /* PitchingStatistics.h */,
				0B21C2FC16CD3385005FF0C5 /* PitchingStatistics.m */,
				0B1092E0193A4C620097C938 /* RectView.h */,
				0B1092E1193A4C620097C938 /* RectView.m */,
				0B16F8BD19339BFA00C82E16 /* UIPlaceHolderTextView.h */,
				0B16F8BE19339BFA00C82E16 /* UIPlaceHolderTextView.m */,
				0B40E42C16C3EEE800E0E95D /* CheckBoxButton.h */,
				0B40E42D16C3EEE800E0E95D /* CheckBoxButton.m */,
				0BE4C49F16FF0D0000DAD11F /* InAppPurchaseProtocol.h */,
				0BE4C4A016FF0D2E00DAD11F /* InAppPurchaseManager.h */,
				0BE4C4A116FF0D2E00DAD11F /* InAppPurchaseManager.m */,
				0BE4C4A316FF406C00DAD11F /* Utility.h */,
				0BE4C4A416FF406C00DAD11F /* Utility.m */,
				0BE78EF41AA4DEFE003AAE8D /* TargetTerm.h */,
				0BE78EF21AA4DEE7003AAE8D /* TargetTerm.m */,
				0BB960EB1A5996840062EA3F /* Images-2.xcassets */,
			);
			path = BaseballRecorder;
			sourceTree = "<group>";
		};
		0B9499B416325697007F574D /* Supporting Files */ = {
			isa = PBXGroup;
			children = (
				0B9499B516325697007F574D /* BaseballRecorder-Info.plist */,
				0B9499B616325697007F574D /* InfoPlist.strings */,
				0B9499B916325697007F574D /* main.m */,
				0B9499BB16325697007F574D /* BaseballRecorder-Prefix.pch */,
			);
			name = "Supporting Files";
			sourceTree = "<group>";
		};
		0B9499E216325697007F574D /* BaseballRecorderTests */ = {
			isa = PBXGroup;
			children = (
				0B9499E816325697007F574D /* BaseballRecorderTests.h */,
				0B9499E916325697007F574D /* BaseballRecorderTests.m */,
				0B9499E316325697007F574D /* Supporting Files */,
			);
			path = BaseballRecorderTests;
			sourceTree = "<group>";
		};
		0B9499E316325697007F574D /* Supporting Files */ = {
			isa = PBXGroup;
			children = (
				0B9499E416325697007F574D /* BaseballRecorderTests-Info.plist */,
				0B9499E516325697007F574D /* InfoPlist.strings */,
			);
			name = "Supporting Files";
			sourceTree = "<group>";
		};
		DBDC9010E5620F0AA9E03C14 /* Pods */ = {
			isa = PBXGroup;
			children = (
				1587FC2CA3BEF6A0D0AF606C /* Pods-BaseballRecorder.debug.xcconfig */,
				69622BF9BECC71DDE112ED23 /* Pods-BaseballRecorder.release.xcconfig */,
			);
			name = Pods;
			sourceTree = "<group>";
		};
/* End PBXGroup section */

/* Begin PBXNativeTarget section */
		0B9499A816325697007F574D /* BaseballRecorder */ = {
			isa = PBXNativeTarget;
			buildConfigurationList = 0B9499ED16325697007F574D /* Build configuration list for PBXNativeTarget "BaseballRecorder" */;
			buildPhases = (
				2FD68FDE71B6F0F4EEFE8BF5 /* [CP] Check Pods Manifest.lock */,
				0B9499A516325697007F574D /* Sources */,
				0B9499A616325697007F574D /* Frameworks */,
				0B9499A716325697007F574D /* Resources */,
				0AC1CEC96F51034D042B6BE4 /* [CP] Embed Pods Frameworks */,
				C9C4DB0A6C0073B1E85E4F5E /* [CP] Copy Pods Resources */,
				0B6E5C301E084E3A006C91E0 /* Embed Frameworks */,
				0B6E5C3E1E0ACD56006C91E0 /* ShellScript */,
			);
			buildRules = (
			);
			dependencies = (
			);
			name = BaseballRecorder;
			productName = BaseballRecorder;
			productReference = 0B9499A916325697007F574D /* BaseballRecorder.app */;
			productType = "com.apple.product-type.application";
		};
		0B9499DA16325697007F574D /* BaseballRecorderTests */ = {
			isa = PBXNativeTarget;
			buildConfigurationList = 0B9499F016325697007F574D /* Build configuration list for PBXNativeTarget "BaseballRecorderTests" */;
			buildPhases = (
				0B9499D616325697007F574D /* Sources */,
				0B9499D716325697007F574D /* Frameworks */,
				0B9499D816325697007F574D /* Resources */,
				0B9499D916325697007F574D /* ShellScript */,
			);
			buildRules = (
			);
			dependencies = (
				0B9499E116325697007F574D /* PBXTargetDependency */,
			);
			name = BaseballRecorderTests;
			productName = BaseballRecorderTests;
			productReference = 0B9499DB16325697007F574D /* BaseballRecorderTests.xctest */;
			productType = "com.apple.product-type.bundle.unit-test";
		};
/* End PBXNativeTarget section */

/* Begin PBXProject section */
		0B9499A016325696007F574D /* Project object */ = {
			isa = PBXProject;
			attributes = {
				LastTestingUpgradeCheck = 0510;
				LastUpgradeCheck = 0820;
				ORGANIZATIONNAME = "Tatsuo Fujiwara";
				TargetAttributes = {
					0B9499A816325697007F574D = {
						DevelopmentTeam = PNCW72YDW4;
					};
				};
			};
			buildConfigurationList = 0B9499A316325696007F574D /* Build configuration list for PBXProject "BaseballRecorder" */;
			compatibilityVersion = "Xcode 3.2";
			developmentRegion = English;
			hasScannedForEncodings = 0;
			knownRegions = (
				English,
				en,
				ja,
				Base,
			);
			mainGroup = 0B94999E16325696007F574D;
			productRefGroup = 0B9499AA16325697007F574D /* Products */;
			projectDirPath = "";
			projectRoot = "";
			targets = (
				0B9499A816325697007F574D /* BaseballRecorder */,
				0B9499DA16325697007F574D /* BaseballRecorderTests */,
			);
		};
/* End PBXProject section */

/* Begin PBXResourcesBuildPhase section */
		0B9499A716325697007F574D /* Resources */ = {
			isa = PBXResourcesBuildPhase;
			buildActionMask = 2147483647;
			files = (
				0B9499B816325697007F574D /* InfoPlist.strings in Resources */,
				0BB961081A5997530062EA3F /* icon-72@2x.png in Resources */,
				0BB960FC1A5997530062EA3F /* icon-29.png in Resources */,
				0B9499C716325697007F574D /* MainStoryboard.storyboard in Resources */,
				0BB961001A5997530062EA3F /* icon-40@3x.png in Resources */,
				0B1AA351163D772B00535116 /* book.png in Resources */,
				0B1AA352163D772B00535116 /* book@2x.png in Resources */,
				0BB961041A5997530062EA3F /* icon-57@2x.png in Resources */,
				0B1AA355163D772B00535116 /* settings.png in Resources */,
				0BB9610A1A5997530062EA3F /* icon-76@2x.png in Resources */,
				0B16F8B8193391CB00C82E16 /* browser_window@2x.png in Resources */,
				0B1AA356163D772B00535116 /* settings@2x.png in Resources */,
				0B1AA357163D772B00535116 /* statistics.png in Resources */,
				0BB960FD1A5997530062EA3F /* icon-29@2x.png in Resources */,
				0BB961031A5997530062EA3F /* icon-57.png in Resources */,
				0BB961051A5997530062EA3F /* icon-60@2x.png in Resources */,
				0BB960FE1A5997530062EA3F /* icon-29@3x.png in Resources */,
				0B1AA358163D772B00535116 /* statistics@2x.png in Resources */,
				0B40E43816C3F0DD00E0E95D /* disable_check.png in Resources */,
				0BB961071A5997530062EA3F /* icon-72.png in Resources */,
				0BB961061A5997530062EA3F /* icon-60@3x.png in Resources */,
				0B40E43916C3F0DD00E0E95D /* nocheck.png in Resources */,
				0B16F8B7193391CB00C82E16 /* browser_window.png in Resources */,
				0B40E43A16C3F0DD00E0E95D /* check.png in Resources */,
				0B40E44416CAB45100E0E95D /* baseball.png in Resources */,
				0BB960FF1A5997530062EA3F /* icon-40@2x.png in Resources */,
				0BB961011A5997530062EA3F /* icon-50.png in Resources */,
				0B16F8BB193391FE00C82E16 /* ground.png in Resources */,
				0B16F8BC193391FE00C82E16 /* ground@2x.png in Resources */,
				0BB961091A5997530062EA3F /* icon-76.png in Resources */,
				0BB960EC1A5996840062EA3F /* Images-2.xcassets in Resources */,
				0B16F8B41933918400C82E16 /* arrow_none.png in Resources */,
				0B40E44516CAB45100E0E95D /* baseball@2x.png in Resources */,
				0B53464E17BF561A00601AAE /* arrow_right.png in Resources */,
				0BB961021A5997530062EA3F /* icon-50@2x.png in Resources */,
				0B53465417BF676900601AAE /* arrow_left.png in Resources */,
			);
			runOnlyForDeploymentPostprocessing = 0;
		};
		0B9499D816325697007F574D /* Resources */ = {
			isa = PBXResourcesBuildPhase;
			buildActionMask = 2147483647;
			files = (
				0B9499E716325697007F574D /* InfoPlist.strings in Resources */,
			);
			runOnlyForDeploymentPostprocessing = 0;
		};
/* End PBXResourcesBuildPhase section */

/* Begin PBXShellScriptBuildPhase section */
		0AC1CEC96F51034D042B6BE4 /* [CP] Embed Pods Frameworks */ = {
			isa = PBXShellScriptBuildPhase;
			buildActionMask = 2147483647;
			files = (
			);
			inputPaths = (
			);
			name = "[CP] Embed Pods Frameworks";
			outputPaths = (
			);
			runOnlyForDeploymentPostprocessing = 0;
			shellPath = /bin/sh;
			shellScript = "\"${SRCROOT}/Pods/Target Support Files/Pods-BaseballRecorder/Pods-BaseballRecorder-frameworks.sh\"\n";
			showEnvVarsInLog = 0;
		};
		0B6E5C3E1E0ACD56006C91E0 /* ShellScript */ = {
			isa = PBXShellScriptBuildPhase;
			buildActionMask = 2147483647;
			files = (
			);
			inputPaths = (
			);
			outputPaths = (
			);
			runOnlyForDeploymentPostprocessing = 0;
			shellPath = /bin/sh;
			shellScript = "bash \"${BUILT_PRODUCTS_DIR}/${FRAMEWORKS_FOLDER_PATH}/AWSCore.framework/strip-frameworks.sh\"\n";
		};
		0B9499D916325697007F574D /* ShellScript */ = {
			isa = PBXShellScriptBuildPhase;
			buildActionMask = 2147483647;
			files = (
			);
			inputPaths = (
			);
			outputPaths = (
			);
			runOnlyForDeploymentPostprocessing = 0;
			shellPath = /bin/sh;
			shellScript = "# Run the unit tests in this test bundle.\n\"${SYSTEM_DEVELOPER_DIR}/Tools/RunUnitTests\"\n";
		};
		2FD68FDE71B6F0F4EEFE8BF5 /* [CP] Check Pods Manifest.lock */ = {
			isa = PBXShellScriptBuildPhase;
			buildActionMask = 2147483647;
			files = (
			);
			inputPaths = (
			);
			name = "[CP] Check Pods Manifest.lock";
			outputPaths = (
			);
			runOnlyForDeploymentPostprocessing = 0;
			shellPath = /bin/sh;
			shellScript = "diff \"${PODS_ROOT}/../Podfile.lock\" \"${PODS_ROOT}/Manifest.lock\" > /dev/null\nif [ $? != 0 ] ; then\n    # print error to STDERR\n    echo \"error: The sandbox is not in sync with the Podfile.lock. Run 'pod install' or update your CocoaPods installation.\" >&2\n    exit 1\nfi\n";
			showEnvVarsInLog = 0;
		};
		C9C4DB0A6C0073B1E85E4F5E /* [CP] Copy Pods Resources */ = {
			isa = PBXShellScriptBuildPhase;
			buildActionMask = 2147483647;
			files = (
			);
			inputPaths = (
			);
			name = "[CP] Copy Pods Resources";
			outputPaths = (
			);
			runOnlyForDeploymentPostprocessing = 0;
			shellPath = /bin/sh;
			shellScript = "\"${SRCROOT}/Pods/Target Support Files/Pods-BaseballRecorder/Pods-BaseballRecorder-resources.sh\"\n";
			showEnvVarsInLog = 0;
		};
/* End PBXShellScriptBuildPhase section */

/* Begin PBXSourcesBuildPhase section */
		0B9499A516325697007F574D /* Sources */ = {
			isa = PBXSourcesBuildPhase;
			buildActionMask = 2147483647;
			files = (
				0B20309D18BA566200B94D8C /* BattingAnalysisView.m in Sources */,
				0B9499BA16325697007F574D /* main.m in Sources */,
				0B9499BE16325697007F574D /* AppDelegate.m in Sources */,
				0B9499CA16325697007F574D /* GameResultListController.m in Sources */,
				0B9499F516325AAF007F574D /* ConfigViewController.m in Sources */,
				0B9499FF16329738007F574D /* ResultPickerViewController.m in Sources */,
				0B949A011632A1E3007F574D /* InputViewController.m in Sources */,
				0B949A0416335C33007F574D /* GameResult.m in Sources */,
				0B949A0716335C8B007F574D /* BattingResult.m in Sources */,
				0B5EEE82163AE4C20038980D /* GameResultManager.m in Sources */,
				0B1AA348163D59F800535116 /* BaseballRecorderUIApplication.m in Sources */,
				0BE78EF31AA4DEE7003AAE8D /* TargetTerm.m in Sources */,
				0B2D1FC716402BAF00330699 /* ShowGameResultController.m in Sources */,
				0B4E8D6F1944BB80007D7F71 /* CustomSummaryController.m in Sources */,
				0B683700164277220086E198 /* BattingStatisticsViewController.m in Sources */,
				0B6E5C371E09857A006C91E0 /* S3Manager.m in Sources */,
				0B683703164279C50086E198 /* TeamStatistics.m in Sources */,
				0B683706164279E00086E198 /* BattingStatistics.m in Sources */,
				0B3C77C3164952ED00A214EC /* ConfigManager.m in Sources */,
				0BF3AB6B1B525DE10029DC13 /* Help2ViewController.m in Sources */,
				0B16F8BF19339BFA00C82E16 /* UIPlaceHolderTextView.m in Sources */,
				0BB4AECF1DCB9DB500AA9CC3 /* InputConfigViewController.m in Sources */,
				0B6BB1B416AD9E1C00B66509 /* SelectInputViewController.m in Sources */,
				0B1092E2193A4C620097C938 /* RectView.m in Sources */,
				0B40E42B16C12AA300E0E95D /* PitchingResultController.m in Sources */,
				0BC1B1121B36929D004E3059 /* HelpViewController.m in Sources */,
				0BB4AED21DCE3BA600AA9CC3 /* SaveServerViewController.m in Sources */,
				0B20309A18BA54DA00B94D8C /* BattingAnalysisController.m in Sources */,
				0B40E42E16C3EEE800E0E95D /* CheckBoxButton.m in Sources */,
				0B6E5C411E0D8361006C91E0 /* S3Config.m in Sources */,
				0B40E43D16CAB08C00E0E95D /* PitchingStatisticsController.m in Sources */,
				0B21C2F716CD2C6B005FF0C5 /* StatisticsCommonController.m in Sources */,
				0BB4AED51DCE3BB500AA9CC3 /* LoadServerViewController.m in Sources */,
				0B21C2FD16CD3385005FF0C5 /* PitchingStatistics.m in Sources */,
				0BE4C49C16FB646100DAD11F /* PurchaseAddonController.m in Sources */,
				0BE4C4A216FF0D2E00DAD11F /* InAppPurchaseManager.m in Sources */,
				0BE4C4A516FF406D00DAD11F /* Utility.m in Sources */,
			);
			runOnlyForDeploymentPostprocessing = 0;
		};
		0B9499D616325697007F574D /* Sources */ = {
			isa = PBXSourcesBuildPhase;
			buildActionMask = 2147483647;
			files = (
				0B9499EA16325697007F574D /* BaseballRecorderTests.m in Sources */,
			);
			runOnlyForDeploymentPostprocessing = 0;
		};
/* End PBXSourcesBuildPhase section */

/* Begin PBXTargetDependency section */
		0B9499E116325697007F574D /* PBXTargetDependency */ = {
			isa = PBXTargetDependency;
			target = 0B9499A816325697007F574D /* BaseballRecorder */;
			targetProxy = 0B9499E016325697007F574D /* PBXContainerItemProxy */;
		};
/* End PBXTargetDependency section */

/* Begin PBXVariantGroup section */
		0B9499B616325697007F574D /* InfoPlist.strings */ = {
			isa = PBXVariantGroup;
			children = (
				0B7F820A164C134700811465 /* ja */,
			);
			name = InfoPlist.strings;
			sourceTree = "<group>";
		};
		0B9499C516325697007F574D /* MainStoryboard.storyboard */ = {
			isa = PBXVariantGroup;
			children = (
				0B7F820B164C134700811465 /* ja */,
			);
			name = MainStoryboard.storyboard;
			sourceTree = "<group>";
		};
		0B9499E516325697007F574D /* InfoPlist.strings */ = {
			isa = PBXVariantGroup;
			children = (
				0B7F820C164C134700811465 /* ja */,
			);
			name = InfoPlist.strings;
			sourceTree = "<group>";
		};
/* End PBXVariantGroup section */

/* Begin XCBuildConfiguration section */
		0B9499EB16325697007F574D /* Debug */ = {
			isa = XCBuildConfiguration;
			baseConfigurationReference = 69622BF9BECC71DDE112ED23 /* Pods-BaseballRecorder.release.xcconfig */;
			buildSettings = {
				ALWAYS_SEARCH_USER_PATHS = NO;
				CLANG_ANALYZER_LOCALIZABILITY_NONLOCALIZED = YES;
				CLANG_CXX_LANGUAGE_STANDARD = "gnu++0x";
				CLANG_CXX_LIBRARY = "libc++";
				CLANG_ENABLE_OBJC_ARC = YES;
				CLANG_WARN_BOOL_CONVERSION = YES;
				CLANG_WARN_CONSTANT_CONVERSION = YES;
				CLANG_WARN_EMPTY_BODY = YES;
				CLANG_WARN_ENUM_CONVERSION = YES;
				CLANG_WARN_INFINITE_RECURSION = YES;
				CLANG_WARN_INT_CONVERSION = YES;
				CLANG_WARN_SUSPICIOUS_MOVE = YES;
				CLANG_WARN_UNREACHABLE_CODE = YES;
				CLANG_WARN__DUPLICATE_METHOD_MATCH = YES;
				"CODE_SIGN_IDENTITY[sdk=iphoneos*]" = "iPhone Developer";
				COPY_PHASE_STRIP = NO;
				ENABLE_STRICT_OBJC_MSGSEND = YES;
				ENABLE_TESTABILITY = YES;
				GCC_C_LANGUAGE_STANDARD = gnu99;
				GCC_DYNAMIC_NO_PIC = NO;
				GCC_NO_COMMON_BLOCKS = YES;
				GCC_OPTIMIZATION_LEVEL = 0;
				GCC_PREPROCESSOR_DEFINITIONS = (
					"DEBUG=1",
					"$(inherited)",
				);
				GCC_SYMBOLS_PRIVATE_EXTERN = NO;
				GCC_WARN_64_TO_32_BIT_CONVERSION = YES;
				GCC_WARN_ABOUT_RETURN_TYPE = YES;
				GCC_WARN_UNDECLARED_SELECTOR = YES;
				GCC_WARN_UNINITIALIZED_AUTOS = YES;
				GCC_WARN_UNUSED_FUNCTION = YES;
				GCC_WARN_UNUSED_VARIABLE = YES;
				IPHONEOS_DEPLOYMENT_TARGET = 10.3;
				ONLY_ACTIVE_ARCH = YES;
				SDKROOT = iphoneos;
			};
			name = Debug;
		};
		0B9499EC16325697007F574D /* Release */ = {
			isa = XCBuildConfiguration;
			baseConfigurationReference = 69622BF9BECC71DDE112ED23 /* Pods-BaseballRecorder.release.xcconfig */;
			buildSettings = {
				ALWAYS_SEARCH_USER_PATHS = NO;
				CLANG_ANALYZER_LOCALIZABILITY_NONLOCALIZED = YES;
				CLANG_CXX_LANGUAGE_STANDARD = "gnu++0x";
				CLANG_CXX_LIBRARY = "libc++";
				CLANG_ENABLE_OBJC_ARC = YES;
				CLANG_WARN_BOOL_CONVERSION = YES;
				CLANG_WARN_CONSTANT_CONVERSION = YES;
				CLANG_WARN_EMPTY_BODY = YES;
				CLANG_WARN_ENUM_CONVERSION = YES;
				CLANG_WARN_INFINITE_RECURSION = YES;
				CLANG_WARN_INT_CONVERSION = YES;
				CLANG_WARN_SUSPICIOUS_MOVE = YES;
				CLANG_WARN_UNREACHABLE_CODE = YES;
				CLANG_WARN__DUPLICATE_METHOD_MATCH = YES;
				"CODE_SIGN_IDENTITY[sdk=iphoneos*]" = "iPhone Developer";
				COPY_PHASE_STRIP = YES;
				ENABLE_STRICT_OBJC_MSGSEND = YES;
				GCC_C_LANGUAGE_STANDARD = gnu99;
				GCC_NO_COMMON_BLOCKS = YES;
				GCC_WARN_64_TO_32_BIT_CONVERSION = YES;
				GCC_WARN_ABOUT_RETURN_TYPE = YES;
				GCC_WARN_UNDECLARED_SELECTOR = YES;
				GCC_WARN_UNINITIALIZED_AUTOS = YES;
				GCC_WARN_UNUSED_FUNCTION = YES;
				GCC_WARN_UNUSED_VARIABLE = YES;
				IPHONEOS_DEPLOYMENT_TARGET = 10.3;
				OTHER_CFLAGS = "-DNS_BLOCK_ASSERTIONS=1";
				SDKROOT = iphoneos;
				VALIDATE_PRODUCT = YES;
			};
			name = Release;
		};
		0B9499EE16325697007F574D /* Debug */ = {
			isa = XCBuildConfiguration;
			baseConfigurationReference = 1587FC2CA3BEF6A0D0AF606C /* Pods-BaseballRecorder.debug.xcconfig */;
			buildSettings = {
				ASSETCATALOG_COMPILER_APPICON_NAME = AppIcon;
				ASSETCATALOG_COMPILER_LAUNCHIMAGE_NAME = LaunchImage;
				CODE_SIGN_IDENTITY = "iPhone Developer";
				"CODE_SIGN_IDENTITY[sdk=iphoneos*]" = "iPhone Developer";
				CURRENT_PROJECT_VERSION = 15;
				ENABLE_BITCODE = NO;
				FRAMEWORK_SEARCH_PATHS = (
					"$(inherited)",
					"$(PROJECT_DIR)",
				);
				GCC_PRECOMPILE_PREFIX_HEADER = YES;
				GCC_PREFIX_HEADER = "BaseballRecorder/BaseballRecorder-Prefix.pch";
				GCC_TREAT_WARNINGS_AS_ERRORS = YES;
				HEADER_SEARCH_PATHS = (
					"$(inherited)",
					"\"${PODS_ROOT}/Headers/Public\"",
					"\"${PODS_ROOT}/Headers/Public/Google-Mobile-Ads-SDK\"",
					"\"${PODS_ROOT}/Headers/Public/Google-Mobile-Ads-SDK/GoogleMobileAds/\"",
				);
				INFOPLIST_FILE = "BaseballRecorder/BaseballRecorder-Info.plist";
				IPHONEOS_DEPLOYMENT_TARGET = 10.3;
				LD_RUNPATH_SEARCH_PATHS = "$(inherited) @executable_path/Frameworks";
				LIBRARY_SEARCH_PATHS = (
					"$(inherited)",
					"$(PROJECT_DIR)",
				);
				MARKETING_VERSION = 3.2;
				"OTHER_LDFLAGS[arch=*]" = (
					"-framework",
					AdSupport,
					"-lz",
					"-ObjC",
					"$(inherited)",
				);
				PRODUCT_BUNDLE_IDENTIFIER = com.tatsuo.baseballrecorder;
				PRODUCT_NAME = "$(TARGET_NAME)";
				PROVISIONING_PROFILE = "";
				"PROVISIONING_PROFILE[sdk=iphoneos*]" = "";
				SDKROOT = iphoneos;
				TARGETED_DEVICE_FAMILY = 1;
				WRAPPER_EXTENSION = app;
			};
			name = Debug;
		};
		0B9499EF16325697007F574D /* Release */ = {
			isa = XCBuildConfiguration;
			baseConfigurationReference = 69622BF9BECC71DDE112ED23 /* Pods-BaseballRecorder.release.xcconfig */;
			buildSettings = {
				ASSETCATALOG_COMPILER_APPICON_NAME = AppIcon;
				ASSETCATALOG_COMPILER_LAUNCHIMAGE_NAME = LaunchImage;
				CODE_SIGN_IDENTITY = "iPhone Developer";
				"CODE_SIGN_IDENTITY[sdk=iphoneos*]" = "iPhone Developer";
				CURRENT_PROJECT_VERSION = 15;
				ENABLE_BITCODE = NO;
				FRAMEWORK_SEARCH_PATHS = (
					"$(inherited)",
					"$(PROJECT_DIR)",
				);
				GCC_PRECOMPILE_PREFIX_HEADER = YES;
				GCC_PREFIX_HEADER = "BaseballRecorder/BaseballRecorder-Prefix.pch";
				HEADER_SEARCH_PATHS = (
					"$(inherited)",
					"\"${PODS_ROOT}/Headers/Public\"",
					"\"${PODS_ROOT}/Headers/Public/Google-Mobile-Ads-SDK\"",
					"\"${PODS_ROOT}/Headers/Public/Google-Mobile-Ads-SDK/GoogleMobileAds/\"",
				);
				INFOPLIST_FILE = "BaseballRecorder/BaseballRecorder-Info.plist";
				IPHONEOS_DEPLOYMENT_TARGET = 10.3;
				LD_RUNPATH_SEARCH_PATHS = "$(inherited) @executable_path/Frameworks";
				LIBRARY_SEARCH_PATHS = (
					"$(inherited)",
					"$(PROJECT_DIR)",
				);
				MARKETING_VERSION = 3.2;
				OTHER_LDFLAGS = (
					"$(inherited)",
					"-lz",
				);
				PRODUCT_BUNDLE_IDENTIFIER = com.tatsuo.baseballrecorder;
				PRODUCT_NAME = "$(TARGET_NAME)";
				PROVISIONING_PROFILE = "";
				"PROVISIONING_PROFILE[sdk=iphoneos*]" = "";
				SDKROOT = iphoneos;
				TARGETED_DEVICE_FAMILY = 1;
				WRAPPER_EXTENSION = app;
			};
			name = Release;
		};
		0B9499F116325697007F574D /* Debug */ = {
			isa = XCBuildConfiguration;
			baseConfigurationReference = 69622BF9BECC71DDE112ED23 /* Pods-BaseballRecorder.release.xcconfig */;
			buildSettings = {
				BUNDLE_LOADER = "$(BUILT_PRODUCTS_DIR)/BaseballRecorder.app/BaseballRecorder";
				FRAMEWORK_SEARCH_PATHS = (
					"\"$(SDKROOT)/Developer/Library/Frameworks\"",
					"\"$(DEVELOPER_LIBRARY_DIR)/Frameworks\"",
					"$(inherited)",
				);
				GCC_PRECOMPILE_PREFIX_HEADER = YES;
				GCC_PREFIX_HEADER = "BaseballRecorder/BaseballRecorder-Prefix.pch";
				INFOPLIST_FILE = "BaseballRecorderTests/BaseballRecorderTests-Info.plist";
				PRODUCT_BUNDLE_IDENTIFIER = "com.tatsuo.bbreco.${PRODUCT_NAME:rfc1034identifier}";
				PRODUCT_NAME = "$(TARGET_NAME)";
				TEST_HOST = "$(BUNDLE_LOADER)";
			};
			name = Debug;
		};
		0B9499F216325697007F574D /* Release */ = {
			isa = XCBuildConfiguration;
			baseConfigurationReference = 69622BF9BECC71DDE112ED23 /* Pods-BaseballRecorder.release.xcconfig */;
			buildSettings = {
				BUNDLE_LOADER = "$(BUILT_PRODUCTS_DIR)/BaseballRecorder.app/BaseballRecorder";
				FRAMEWORK_SEARCH_PATHS = (
					"\"$(SDKROOT)/Developer/Library/Frameworks\"",
					"\"$(DEVELOPER_LIBRARY_DIR)/Frameworks\"",
					"$(inherited)",
				);
				GCC_PRECOMPILE_PREFIX_HEADER = YES;
				GCC_PREFIX_HEADER = "BaseballRecorder/BaseballRecorder-Prefix.pch";
				INFOPLIST_FILE = "BaseballRecorderTests/BaseballRecorderTests-Info.plist";
				PRODUCT_BUNDLE_IDENTIFIER = "com.tatsuo.bbreco.${PRODUCT_NAME:rfc1034identifier}";
				PRODUCT_NAME = "$(TARGET_NAME)";
				TEST_HOST = "$(BUNDLE_LOADER)";
			};
			name = Release;
		};
/* End XCBuildConfiguration section */

/* Begin XCConfigurationList section */
		0B9499A316325696007F574D /* Build configuration list for PBXProject "BaseballRecorder" */ = {
			isa = XCConfigurationList;
			buildConfigurations = (
				0B9499EB16325697007F574D /* Debug */,
				0B9499EC16325697007F574D /* Release */,
			);
			defaultConfigurationIsVisible = 0;
			defaultConfigurationName = Release;
		};
		0B9499ED16325697007F574D /* Build configuration list for PBXNativeTarget "BaseballRecorder" */ = {
			isa = XCConfigurationList;
			buildConfigurations = (
				0B9499EE16325697007F574D /* Debug */,
				0B9499EF16325697007F574D /* Release */,
			);
			defaultConfigurationIsVisible = 0;
			defaultConfigurationName = Release;
		};
		0B9499F016325697007F574D /* Build configuration list for PBXNativeTarget "BaseballRecorderTests" */ = {
			isa = XCConfigurationList;
			buildConfigurations = (
				0B9499F116325697007F574D /* Debug */,
				0B9499F216325697007F574D /* Release */,
			);
			defaultConfigurationIsVisible = 0;
			defaultConfigurationName = Release;
		};
/* End XCConfigurationList section */
	};
	rootObject = 0B9499A016325696007F574D /* Project object */;
}
